// !$*UTF8*$!
{
	archiveVersion = 1;
	classes = {
	};
	objectVersion = 42;
	objects = {

/* Begin PBXBuildFile section */
		5D0BD34E116A4E25005107AA /* guiBaseObject.cpp in Sources */ = {isa = PBXBuildFile; fileRef = 5D0BD319116A4E25005107AA /* guiBaseObject.cpp */; };
		5D0BD34F116A4E25005107AA /* guiCallback.cpp in Sources */ = {isa = PBXBuildFile; fileRef = 5D0BD31B116A4E25005107AA /* guiCallback.cpp */; };
		5D0BD350116A4E25005107AA /* guiCallbackValue.cpp in Sources */ = {isa = PBXBuildFile; fileRef = 5D0BD31D116A4E25005107AA /* guiCallbackValue.cpp */; };
		5D0BD351116A4E25005107AA /* guiColor.cpp in Sources */ = {isa = PBXBuildFile; fileRef = 5D0BD31F116A4E25005107AA /* guiColor.cpp */; };
		5D0BD352116A4E25005107AA /* guiTextBase.cpp in Sources */ = {isa = PBXBuildFile; fileRef = 5D0BD323116A4E25005107AA /* guiTextBase.cpp */; };
		5D0BD353116A4E25005107AA /* guiType2DSlider.cpp in Sources */ = {isa = PBXBuildFile; fileRef = 5D0BD325116A4E25005107AA /* guiType2DSlider.cpp */; };
		5D0BD354116A4E25005107AA /* guiTypeButtonSlider.cpp in Sources */ = {isa = PBXBuildFile; fileRef = 5D0BD327116A4E25005107AA /* guiTypeButtonSlider.cpp */; };
		5D0BD355116A4E25005107AA /* guiTypeChartPlotter.cpp in Sources */ = {isa = PBXBuildFile; fileRef = 5D0BD329116A4E25005107AA /* guiTypeChartPlotter.cpp */; };
		5D0BD356116A4E25005107AA /* guiTypeCustom.cpp in Sources */ = {isa = PBXBuildFile; fileRef = 5D0BD32B116A4E25005107AA /* guiTypeCustom.cpp */; };
		5D0BD357116A4E25005107AA /* guiTypeDrawable.cpp in Sources */ = {isa = PBXBuildFile; fileRef = 5D0BD32D116A4E25005107AA /* guiTypeDrawable.cpp */; };
		5D0BD358116A4E25005107AA /* guiTypeFileLister.cpp in Sources */ = {isa = PBXBuildFile; fileRef = 5D0BD32F116A4E25005107AA /* guiTypeFileLister.cpp */; };
		5D0BD359116A4E25005107AA /* guiTypeLogger.cpp in Sources */ = {isa = PBXBuildFile; fileRef = 5D0BD331116A4E25005107AA /* guiTypeLogger.cpp */; };
		5D0BD35A116A4E25005107AA /* guiTypeMultiToggle.cpp in Sources */ = {isa = PBXBuildFile; fileRef = 5D0BD333116A4E25005107AA /* guiTypeMultiToggle.cpp */; };
		5D0BD35B116A4E25005107AA /* guiTypePanel.cpp in Sources */ = {isa = PBXBuildFile; fileRef = 5D0BD335116A4E25005107AA /* guiTypePanel.cpp */; };
		5D0BD35C116A4E25005107AA /* guiTypeSlider.cpp in Sources */ = {isa = PBXBuildFile; fileRef = 5D0BD337116A4E25005107AA /* guiTypeSlider.cpp */; };
		5D0BD35D116A4E25005107AA /* guiTypeText.cpp in Sources */ = {isa = PBXBuildFile; fileRef = 5D0BD339116A4E25005107AA /* guiTypeText.cpp */; };
		5D0BD35E116A4E25005107AA /* guiTypeTextDropDown.cpp in Sources */ = {isa = PBXBuildFile; fileRef = 5D0BD33B116A4E25005107AA /* guiTypeTextDropDown.cpp */; };
		5D0BD35F116A4E25005107AA /* guiTypeToggle.cpp in Sources */ = {isa = PBXBuildFile; fileRef = 5D0BD33D116A4E25005107AA /* guiTypeToggle.cpp */; };
		5D0BD360116A4E25005107AA /* guiTypeVairableLister.cpp in Sources */ = {isa = PBXBuildFile; fileRef = 5D0BD33F116A4E25005107AA /* guiTypeVairableLister.cpp */; };
		5D0BD361116A4E25005107AA /* guiTypeVideo.cpp in Sources */ = {isa = PBXBuildFile; fileRef = 5D0BD341116A4E25005107AA /* guiTypeVideo.cpp */; };
		5D0BD362116A4E25005107AA /* guiValue.cpp in Sources */ = {isa = PBXBuildFile; fileRef = 5D0BD343116A4E25005107AA /* guiValue.cpp */; };
		5D0BD363116A4E25005107AA /* ofxControlPanel.cpp in Sources */ = {isa = PBXBuildFile; fileRef = 5D0BD346116A4E25005107AA /* ofxControlPanel.cpp */; };
		5D0BD364116A4E25005107AA /* simpleColor.cpp in Sources */ = {isa = PBXBuildFile; fileRef = 5D0BD348116A4E25005107AA /* simpleColor.cpp */; };
		5D0BD365116A4E25005107AA /* simpleFileLister.cpp in Sources */ = {isa = PBXBuildFile; fileRef = 5D0BD34A116A4E25005107AA /* simpleFileLister.cpp */; };
		5D0BD366116A4E25005107AA /* simpleLogger.cpp in Sources */ = {isa = PBXBuildFile; fileRef = 5D0BD34C116A4E25005107AA /* simpleLogger.cpp */; };
		5DBC79B41168EFA8003925DF /* InteractiveManager.cpp in Sources */ = {isa = PBXBuildFile; fileRef = 5DBC799F1168EFA8003925DF /* InteractiveManager.cpp */; };
		5DBC79B71168EFA8003925DF /* main.cpp in Sources */ = {isa = PBXBuildFile; fileRef = 5DBC79AA1168EFA8003925DF /* main.cpp */; };
		5DBC79B81168EFA8003925DF /* testApp.cpp in Sources */ = {isa = PBXBuildFile; fileRef = 5DBC79AD1168EFA8003925DF /* testApp.cpp */; };
		5DBC79B91168EFA8003925DF /* AppSettings.cpp in Sources */ = {isa = PBXBuildFile; fileRef = 5DBC79B01168EFA8003925DF /* AppSettings.cpp */; };
		5DBC7CBF1168EFC6003925DF /* ofxDirList.cpp in Sources */ = {isa = PBXBuildFile; fileRef = 5DBC7AD01168EFC5003925DF /* ofxDirList.cpp */; };
		5DBC7CFC1168EFC6003925DF /* ofxThread.cpp in Sources */ = {isa = PBXBuildFile; fileRef = 5DBC7BBE1168EFC5003925DF /* ofxThread.cpp */; };
		5DBC7D1F1168EFC6003925DF /* tinyxml.cpp in Sources */ = {isa = PBXBuildFile; fileRef = 5DBC7C701168EFC5003925DF /* tinyxml.cpp */; };
		5DBC7D201168EFC6003925DF /* tinyxmlerror.cpp in Sources */ = {isa = PBXBuildFile; fileRef = 5DBC7C721168EFC5003925DF /* tinyxmlerror.cpp */; };
		5DBC7D211168EFC6003925DF /* tinyxmlparser.cpp in Sources */ = {isa = PBXBuildFile; fileRef = 5DBC7C731168EFC5003925DF /* tinyxmlparser.cpp */; };
		5DBC7D221168EFC6003925DF /* ofxXmlSettings.cpp in Sources */ = {isa = PBXBuildFile; fileRef = 5DBC7C751168EFC5003925DF /* ofxXmlSettings.cpp */; };
		5DD776AC116B1D22003C6450 /* ofxMatrix3x3.cpp in Sources */ = {isa = PBXBuildFile; fileRef = 5DD7769F116B1D22003C6450 /* ofxMatrix3x3.cpp */; };
		5DD776AD116B1D22003C6450 /* ofxMatrix4x4.cpp in Sources */ = {isa = PBXBuildFile; fileRef = 5DD776A1116B1D22003C6450 /* ofxMatrix4x4.cpp */; };
		5DD776AE116B1D22003C6450 /* ofxQuaternion.cpp in Sources */ = {isa = PBXBuildFile; fileRef = 5DD776A6116B1D22003C6450 /* ofxQuaternion.cpp */; };
		E45BE0AA0E8CC67C009D7055 /* GLee.a in Frameworks */ = {isa = PBXBuildFile; fileRef = E45BE0A90E8CC67C009D7055 /* GLee.a */; };
		E45BE2E40E8CC69C009D7055 /* rtAudio.a in Frameworks */ = {isa = PBXBuildFile; fileRef = E45BE2E30E8CC69C009D7055 /* rtAudio.a */; };
		E45BE97B0E8CC7DD009D7055 /* AGL.framework in Frameworks */ = {isa = PBXBuildFile; fileRef = E45BE9710E8CC7DD009D7055 /* AGL.framework */; };
		E45BE97C0E8CC7DD009D7055 /* ApplicationServices.framework in Frameworks */ = {isa = PBXBuildFile; fileRef = E45BE9720E8CC7DD009D7055 /* ApplicationServices.framework */; };
		E45BE97D0E8CC7DD009D7055 /* AudioToolbox.framework in Frameworks */ = {isa = PBXBuildFile; fileRef = E45BE9730E8CC7DD009D7055 /* AudioToolbox.framework */; };
		E45BE97E0E8CC7DD009D7055 /* Carbon.framework in Frameworks */ = {isa = PBXBuildFile; fileRef = E45BE9740E8CC7DD009D7055 /* Carbon.framework */; };
		E45BE97F0E8CC7DD009D7055 /* CoreAudio.framework in Frameworks */ = {isa = PBXBuildFile; fileRef = E45BE9750E8CC7DD009D7055 /* CoreAudio.framework */; };
		E45BE9800E8CC7DD009D7055 /* CoreFoundation.framework in Frameworks */ = {isa = PBXBuildFile; fileRef = E45BE9760E8CC7DD009D7055 /* CoreFoundation.framework */; };
		E45BE9810E8CC7DD009D7055 /* CoreServices.framework in Frameworks */ = {isa = PBXBuildFile; fileRef = E45BE9770E8CC7DD009D7055 /* CoreServices.framework */; };
		E45BE9830E8CC7DD009D7055 /* OpenGL.framework in Frameworks */ = {isa = PBXBuildFile; fileRef = E45BE9790E8CC7DD009D7055 /* OpenGL.framework */; };
		E45BE9840E8CC7DD009D7055 /* QuickTime.framework in Frameworks */ = {isa = PBXBuildFile; fileRef = E45BE97A0E8CC7DD009D7055 /* QuickTime.framework */; };
		E4C2422B10CC554B004149E2 /* openFrameworksDebug.a in Frameworks */ = {isa = PBXBuildFile; fileRef = E4C2421E10CC549C004149E2 /* openFrameworksDebug.a */; };
		E4C2424710CC5A17004149E2 /* AppKit.framework in Frameworks */ = {isa = PBXBuildFile; fileRef = E4C2424410CC5A17004149E2 /* AppKit.framework */; };
		E4C2424810CC5A17004149E2 /* Cocoa.framework in Frameworks */ = {isa = PBXBuildFile; fileRef = E4C2424510CC5A17004149E2 /* Cocoa.framework */; };
		E4C2424910CC5A17004149E2 /* IOKit.framework in Frameworks */ = {isa = PBXBuildFile; fileRef = E4C2424610CC5A17004149E2 /* IOKit.framework */; };
		E4C2426610CC5A78004149E2 /* GLUT.framework in Frameworks */ = {isa = PBXBuildFile; fileRef = E4C2425F10CC5A78004149E2 /* GLUT.framework */; };
		E4C2426B10CC5AA6004149E2 /* GLUT.framework in CopyFiles */ = {isa = PBXBuildFile; fileRef = E4C2425F10CC5A78004149E2 /* GLUT.framework */; };
		E4C2427F10CC5B66004149E2 /* CppUnit.a in Frameworks */ = {isa = PBXBuildFile; fileRef = E4C2427A10CC5B66004149E2 /* CppUnit.a */; };
		E4C2428010CC5B66004149E2 /* PocoFoundation.a in Frameworks */ = {isa = PBXBuildFile; fileRef = E4C2427B10CC5B66004149E2 /* PocoFoundation.a */; };
		E4C2428110CC5B66004149E2 /* PocoNet.a in Frameworks */ = {isa = PBXBuildFile; fileRef = E4C2427C10CC5B66004149E2 /* PocoNet.a */; };
		E4C2428210CC5B66004149E2 /* PocoUtil.a in Frameworks */ = {isa = PBXBuildFile; fileRef = E4C2427D10CC5B66004149E2 /* PocoUtil.a */; };
		E4C2428310CC5B66004149E2 /* PocoXML.a in Frameworks */ = {isa = PBXBuildFile; fileRef = E4C2427E10CC5B66004149E2 /* PocoXML.a */; };
		E4C2429410CC5C38004149E2 /* freetype.a in Frameworks */ = {isa = PBXBuildFile; fileRef = E4C2429310CC5C38004149E2 /* freetype.a */; };
		E4C242CD10CC650E004149E2 /* libfmodex.dylib in Frameworks */ = {isa = PBXBuildFile; fileRef = E4C242CC10CC650E004149E2 /* libfmodex.dylib */; };
		E4C2443910CC7693004149E2 /* openFrameworks-Info.plist in CopyFiles */ = {isa = PBXBuildFile; fileRef = E4B6FCAD0C3E899E008CF71C /* openFrameworks-Info.plist */; };
		E4C246DA10CCAE22004149E2 /* freeimage.a in Frameworks */ = {isa = PBXBuildFile; fileRef = E4C246D910CCAE22004149E2 /* freeimage.a */; };
/* End PBXBuildFile section */

/* Begin PBXContainerItemProxy section */
		E4C2421D10CC549C004149E2 /* PBXContainerItemProxy */ = {
			isa = PBXContainerItemProxy;
			containerPortal = E4C2421610CC549C004149E2 /* openFrameworksLib.xcodeproj */;
			proxyType = 2;
			remoteGlobalIDString = E4B27C1510CBEB8E00536013;
			remoteInfo = openFrameworks;
		};
		E4C2422710CC54DA004149E2 /* PBXContainerItemProxy */ = {
			isa = PBXContainerItemProxy;
			containerPortal = E4C2421610CC549C004149E2 /* openFrameworksLib.xcodeproj */;
			proxyType = 1;
			remoteGlobalIDString = E4B27C1410CBEB8E00536013;
			remoteInfo = openFrameworks;
		};
/* End PBXContainerItemProxy section */

/* Begin PBXCopyFilesBuildPhase section */
		E4C2427710CC5ABF004149E2 /* CopyFiles */ = {
			isa = PBXCopyFilesBuildPhase;
			buildActionMask = 2147483647;
			dstPath = "";
			dstSubfolderSpec = 10;
			files = (
				E4C2426B10CC5AA6004149E2 /* GLUT.framework in CopyFiles */,
			);
			runOnlyForDeploymentPostprocessing = 0;
		};
		E4C2444710CC769B004149E2 /* CopyFiles */ = {
			isa = PBXCopyFilesBuildPhase;
			buildActionMask = 2147483647;
			dstPath = "";
			dstSubfolderSpec = 7;
			files = (
				E4C2443910CC7693004149E2 /* openFrameworks-Info.plist in CopyFiles */,
			);
			runOnlyForDeploymentPostprocessing = 0;
		};
/* End PBXCopyFilesBuildPhase section */

/* Begin PBXFileReference section */
		5D0BD319116A4E25005107AA /* guiBaseObject.cpp */ = {isa = PBXFileReference; fileEncoding = 4; lastKnownFileType = sourcecode.cpp.cpp; path = guiBaseObject.cpp; sourceTree = "<group>"; };
		5D0BD31A116A4E25005107AA /* guiBaseObject.h */ = {isa = PBXFileReference; fileEncoding = 4; lastKnownFileType = sourcecode.c.h; path = guiBaseObject.h; sourceTree = "<group>"; };
		5D0BD31B116A4E25005107AA /* guiCallback.cpp */ = {isa = PBXFileReference; fileEncoding = 4; lastKnownFileType = sourcecode.cpp.cpp; path = guiCallback.cpp; sourceTree = "<group>"; };
		5D0BD31C116A4E25005107AA /* guiCallback.h */ = {isa = PBXFileReference; fileEncoding = 4; lastKnownFileType = sourcecode.c.h; path = guiCallback.h; sourceTree = "<group>"; };
		5D0BD31D116A4E25005107AA /* guiCallbackValue.cpp */ = {isa = PBXFileReference; fileEncoding = 4; lastKnownFileType = sourcecode.cpp.cpp; path = guiCallbackValue.cpp; sourceTree = "<group>"; };
		5D0BD31E116A4E25005107AA /* guiCallbackValue.h */ = {isa = PBXFileReference; fileEncoding = 4; lastKnownFileType = sourcecode.c.h; path = guiCallbackValue.h; sourceTree = "<group>"; };
		5D0BD31F116A4E25005107AA /* guiColor.cpp */ = {isa = PBXFileReference; fileEncoding = 4; lastKnownFileType = sourcecode.cpp.cpp; path = guiColor.cpp; sourceTree = "<group>"; };
		5D0BD320116A4E25005107AA /* guiColor.h */ = {isa = PBXFileReference; fileEncoding = 4; lastKnownFileType = sourcecode.c.h; path = guiColor.h; sourceTree = "<group>"; };
		5D0BD321116A4E25005107AA /* guiCustomImpl.h */ = {isa = PBXFileReference; fileEncoding = 4; lastKnownFileType = sourcecode.c.h; path = guiCustomImpl.h; sourceTree = "<group>"; };
		5D0BD322116A4E25005107AA /* guiIncludes.h */ = {isa = PBXFileReference; fileEncoding = 4; lastKnownFileType = sourcecode.c.h; path = guiIncludes.h; sourceTree = "<group>"; };
		5D0BD323116A4E25005107AA /* guiTextBase.cpp */ = {isa = PBXFileReference; fileEncoding = 4; lastKnownFileType = sourcecode.cpp.cpp; path = guiTextBase.cpp; sourceTree = "<group>"; };
		5D0BD324116A4E25005107AA /* guiTextBase.h */ = {isa = PBXFileReference; fileEncoding = 4; lastKnownFileType = sourcecode.c.h; path = guiTextBase.h; sourceTree = "<group>"; };
		5D0BD325116A4E25005107AA /* guiType2DSlider.cpp */ = {isa = PBXFileReference; fileEncoding = 4; lastKnownFileType = sourcecode.cpp.cpp; path = guiType2DSlider.cpp; sourceTree = "<group>"; };
		5D0BD326116A4E25005107AA /* guiType2DSlider.h */ = {isa = PBXFileReference; fileEncoding = 4; lastKnownFileType = sourcecode.c.h; path = guiType2DSlider.h; sourceTree = "<group>"; };
		5D0BD327116A4E25005107AA /* guiTypeButtonSlider.cpp */ = {isa = PBXFileReference; fileEncoding = 4; lastKnownFileType = sourcecode.cpp.cpp; path = guiTypeButtonSlider.cpp; sourceTree = "<group>"; };
		5D0BD328116A4E25005107AA /* guiTypeButtonSlider.h */ = {isa = PBXFileReference; fileEncoding = 4; lastKnownFileType = sourcecode.c.h; path = guiTypeButtonSlider.h; sourceTree = "<group>"; };
		5D0BD329116A4E25005107AA /* guiTypeChartPlotter.cpp */ = {isa = PBXFileReference; fileEncoding = 4; lastKnownFileType = sourcecode.cpp.cpp; path = guiTypeChartPlotter.cpp; sourceTree = "<group>"; };
		5D0BD32A116A4E25005107AA /* guiTypeChartPlotter.h */ = {isa = PBXFileReference; fileEncoding = 4; lastKnownFileType = sourcecode.c.h; path = guiTypeChartPlotter.h; sourceTree = "<group>"; };
		5D0BD32B116A4E25005107AA /* guiTypeCustom.cpp */ = {isa = PBXFileReference; fileEncoding = 4; lastKnownFileType = sourcecode.cpp.cpp; path = guiTypeCustom.cpp; sourceTree = "<group>"; };
		5D0BD32C116A4E25005107AA /* guiTypeCustom.h */ = {isa = PBXFileReference; fileEncoding = 4; lastKnownFileType = sourcecode.c.h; path = guiTypeCustom.h; sourceTree = "<group>"; };
		5D0BD32D116A4E25005107AA /* guiTypeDrawable.cpp */ = {isa = PBXFileReference; fileEncoding = 4; lastKnownFileType = sourcecode.cpp.cpp; path = guiTypeDrawable.cpp; sourceTree = "<group>"; };
		5D0BD32E116A4E25005107AA /* guiTypeDrawable.h */ = {isa = PBXFileReference; fileEncoding = 4; lastKnownFileType = sourcecode.c.h; path = guiTypeDrawable.h; sourceTree = "<group>"; };
		5D0BD32F116A4E25005107AA /* guiTypeFileLister.cpp */ = {isa = PBXFileReference; fileEncoding = 4; lastKnownFileType = sourcecode.cpp.cpp; path = guiTypeFileLister.cpp; sourceTree = "<group>"; };
		5D0BD330116A4E25005107AA /* guiTypeFileLister.h */ = {isa = PBXFileReference; fileEncoding = 4; lastKnownFileType = sourcecode.c.h; path = guiTypeFileLister.h; sourceTree = "<group>"; };
		5D0BD331116A4E25005107AA /* guiTypeLogger.cpp */ = {isa = PBXFileReference; fileEncoding = 4; lastKnownFileType = sourcecode.cpp.cpp; path = guiTypeLogger.cpp; sourceTree = "<group>"; };
		5D0BD332116A4E25005107AA /* guiTypeLogger.h */ = {isa = PBXFileReference; fileEncoding = 4; lastKnownFileType = sourcecode.c.h; path = guiTypeLogger.h; sourceTree = "<group>"; };
		5D0BD333116A4E25005107AA /* guiTypeMultiToggle.cpp */ = {isa = PBXFileReference; fileEncoding = 4; lastKnownFileType = sourcecode.cpp.cpp; path = guiTypeMultiToggle.cpp; sourceTree = "<group>"; };
		5D0BD334116A4E25005107AA /* guiTypeMultiToggle.h */ = {isa = PBXFileReference; fileEncoding = 4; lastKnownFileType = sourcecode.c.h; path = guiTypeMultiToggle.h; sourceTree = "<group>"; };
		5D0BD335116A4E25005107AA /* guiTypePanel.cpp */ = {isa = PBXFileReference; fileEncoding = 4; lastKnownFileType = sourcecode.cpp.cpp; path = guiTypePanel.cpp; sourceTree = "<group>"; };
		5D0BD336116A4E25005107AA /* guiTypePanel.h */ = {isa = PBXFileReference; fileEncoding = 4; lastKnownFileType = sourcecode.c.h; path = guiTypePanel.h; sourceTree = "<group>"; };
		5D0BD337116A4E25005107AA /* guiTypeSlider.cpp */ = {isa = PBXFileReference; fileEncoding = 4; lastKnownFileType = sourcecode.cpp.cpp; path = guiTypeSlider.cpp; sourceTree = "<group>"; };
		5D0BD338116A4E25005107AA /* guiTypeSlider.h */ = {isa = PBXFileReference; fileEncoding = 4; lastKnownFileType = sourcecode.c.h; path = guiTypeSlider.h; sourceTree = "<group>"; };
		5D0BD339116A4E25005107AA /* guiTypeText.cpp */ = {isa = PBXFileReference; fileEncoding = 4; lastKnownFileType = sourcecode.cpp.cpp; path = guiTypeText.cpp; sourceTree = "<group>"; };
		5D0BD33A116A4E25005107AA /* guiTypeText.h */ = {isa = PBXFileReference; fileEncoding = 4; lastKnownFileType = sourcecode.c.h; path = guiTypeText.h; sourceTree = "<group>"; };
		5D0BD33B116A4E25005107AA /* guiTypeTextDropDown.cpp */ = {isa = PBXFileReference; fileEncoding = 4; lastKnownFileType = sourcecode.cpp.cpp; path = guiTypeTextDropDown.cpp; sourceTree = "<group>"; };
		5D0BD33C116A4E25005107AA /* guiTypeTextDropDown.h */ = {isa = PBXFileReference; fileEncoding = 4; lastKnownFileType = sourcecode.c.h; path = guiTypeTextDropDown.h; sourceTree = "<group>"; };
		5D0BD33D116A4E25005107AA /* guiTypeToggle.cpp */ = {isa = PBXFileReference; fileEncoding = 4; lastKnownFileType = sourcecode.cpp.cpp; path = guiTypeToggle.cpp; sourceTree = "<group>"; };
		5D0BD33E116A4E25005107AA /* guiTypeToggle.h */ = {isa = PBXFileReference; fileEncoding = 4; lastKnownFileType = sourcecode.c.h; path = guiTypeToggle.h; sourceTree = "<group>"; };
		5D0BD33F116A4E25005107AA /* guiTypeVairableLister.cpp */ = {isa = PBXFileReference; fileEncoding = 4; lastKnownFileType = sourcecode.cpp.cpp; path = guiTypeVairableLister.cpp; sourceTree = "<group>"; };
		5D0BD340116A4E25005107AA /* guiTypeVairableLister.h */ = {isa = PBXFileReference; fileEncoding = 4; lastKnownFileType = sourcecode.c.h; path = guiTypeVairableLister.h; sourceTree = "<group>"; };
		5D0BD341116A4E25005107AA /* guiTypeVideo.cpp */ = {isa = PBXFileReference; fileEncoding = 4; lastKnownFileType = sourcecode.cpp.cpp; path = guiTypeVideo.cpp; sourceTree = "<group>"; };
		5D0BD342116A4E25005107AA /* guiTypeVideo.h */ = {isa = PBXFileReference; fileEncoding = 4; lastKnownFileType = sourcecode.c.h; path = guiTypeVideo.h; sourceTree = "<group>"; };
		5D0BD343116A4E25005107AA /* guiValue.cpp */ = {isa = PBXFileReference; fileEncoding = 4; lastKnownFileType = sourcecode.cpp.cpp; path = guiValue.cpp; sourceTree = "<group>"; };
		5D0BD344116A4E25005107AA /* guiValue.h */ = {isa = PBXFileReference; fileEncoding = 4; lastKnownFileType = sourcecode.c.h; path = guiValue.h; sourceTree = "<group>"; };
		5D0BD345116A4E25005107AA /* guiVariablePointer.h */ = {isa = PBXFileReference; fileEncoding = 4; lastKnownFileType = sourcecode.c.h; path = guiVariablePointer.h; sourceTree = "<group>"; };
		5D0BD346116A4E25005107AA /* ofxControlPanel.cpp */ = {isa = PBXFileReference; fileEncoding = 4; lastKnownFileType = sourcecode.cpp.cpp; path = ofxControlPanel.cpp; sourceTree = "<group>"; };
		5D0BD347116A4E25005107AA /* ofxControlPanel.h */ = {isa = PBXFileReference; fileEncoding = 4; lastKnownFileType = sourcecode.c.h; path = ofxControlPanel.h; sourceTree = "<group>"; };
		5D0BD348116A4E25005107AA /* simpleColor.cpp */ = {isa = PBXFileReference; fileEncoding = 4; lastKnownFileType = sourcecode.cpp.cpp; path = simpleColor.cpp; sourceTree = "<group>"; };
		5D0BD349116A4E25005107AA /* simpleColor.h */ = {isa = PBXFileReference; fileEncoding = 4; lastKnownFileType = sourcecode.c.h; path = simpleColor.h; sourceTree = "<group>"; };
		5D0BD34A116A4E25005107AA /* simpleFileLister.cpp */ = {isa = PBXFileReference; fileEncoding = 4; lastKnownFileType = sourcecode.cpp.cpp; path = simpleFileLister.cpp; sourceTree = "<group>"; };
		5D0BD34B116A4E25005107AA /* simpleFileLister.h */ = {isa = PBXFileReference; fileEncoding = 4; lastKnownFileType = sourcecode.c.h; path = simpleFileLister.h; sourceTree = "<group>"; };
		5D0BD34C116A4E25005107AA /* simpleLogger.cpp */ = {isa = PBXFileReference; fileEncoding = 4; lastKnownFileType = sourcecode.cpp.cpp; path = simpleLogger.cpp; sourceTree = "<group>"; };
		5D0BD34D116A4E25005107AA /* simpleLogger.h */ = {isa = PBXFileReference; fileEncoding = 4; lastKnownFileType = sourcecode.c.h; path = simpleLogger.h; sourceTree = "<group>"; };
		5D6ABEEC117337A9008FAA87 /* AppSettings.h */ = {isa = PBXFileReference; fileEncoding = 4; lastKnownFileType = sourcecode.c.h; name = AppSettings.h; path = src/Utils/AppSettings.h; sourceTree = SOURCE_ROOT; };
		5D8AC7DF11724E030041F8B4 /* ImageLoader.h */ = {isa = PBXFileReference; fileEncoding = 4; lastKnownFileType = sourcecode.c.h; name = ImageLoader.h; path = src/Utils/ImageLoader.h; sourceTree = SOURCE_ROOT; };
		5DBC799F1168EFA8003925DF /* InteractiveManager.cpp */ = {isa = PBXFileReference; fileEncoding = 4; lastKnownFileType = sourcecode.cpp.cpp; name = InteractiveManager.cpp; path = src/Interactive/InteractiveManager.cpp; sourceTree = SOURCE_ROOT; };
		5DBC79A01168EFA8003925DF /* InteractiveManager.h */ = {isa = PBXFileReference; fileEncoding = 4; lastKnownFileType = sourcecode.c.h; name = InteractiveManager.h; path = src/Interactive/InteractiveManager.h; sourceTree = SOURCE_ROOT; };
		5DBC79AA1168EFA8003925DF /* main.cpp */ = {isa = PBXFileReference; fileEncoding = 4; lastKnownFileType = sourcecode.cpp.cpp; name = main.cpp; path = src/main.cpp; sourceTree = SOURCE_ROOT; };
		5DBC79AD1168EFA8003925DF /* testApp.cpp */ = {isa = PBXFileReference; fileEncoding = 4; lastKnownFileType = sourcecode.cpp.cpp; name = testApp.cpp; path = src/testApp.cpp; sourceTree = SOURCE_ROOT; };
		5DBC79AE1168EFA8003925DF /* testApp.h */ = {isa = PBXFileReference; fileEncoding = 4; lastKnownFileType = sourcecode.c.h; name = testApp.h; path = src/testApp.h; sourceTree = SOURCE_ROOT; };
		5DBC79B01168EFA8003925DF /* AppSettings.cpp */ = {isa = PBXFileReference; fileEncoding = 4; lastKnownFileType = sourcecode.cpp.cpp; name = AppSettings.cpp; path = src/Utils/AppSettings.cpp; sourceTree = SOURCE_ROOT; };
		5DBC7AD01168EFC5003925DF /* ofxDirList.cpp */ = {isa = PBXFileReference; fileEncoding = 4; lastKnownFileType = sourcecode.cpp.cpp; name = ofxDirList.cpp; path = ../../../addons/ofxDirList/src/ofxDirList.cpp; sourceTree = SOURCE_ROOT; };
		5DBC7AD11168EFC5003925DF /* ofxDirList.h */ = {isa = PBXFileReference; fileEncoding = 4; lastKnownFileType = sourcecode.c.h; name = ofxDirList.h; path = ../../../addons/ofxDirList/src/ofxDirList.h; sourceTree = SOURCE_ROOT; };
		5DBC7BBE1168EFC5003925DF /* ofxThread.cpp */ = {isa = PBXFileReference; fileEncoding = 4; lastKnownFileType = sourcecode.cpp.cpp; name = ofxThread.cpp; path = ../../../addons/ofxThread/src/ofxThread.cpp; sourceTree = SOURCE_ROOT; };
		5DBC7BBF1168EFC5003925DF /* ofxThread.h */ = {isa = PBXFileReference; fileEncoding = 4; lastKnownFileType = sourcecode.c.h; name = ofxThread.h; path = ../../../addons/ofxThread/src/ofxThread.h; sourceTree = SOURCE_ROOT; };
		5DBC7C701168EFC5003925DF /* tinyxml.cpp */ = {isa = PBXFileReference; fileEncoding = 4; lastKnownFileType = sourcecode.cpp.cpp; name = tinyxml.cpp; path = ../../../addons/ofxXmlSettings/libs/tinyxml.cpp; sourceTree = SOURCE_ROOT; };
		5DBC7C711168EFC5003925DF /* tinyxml.h */ = {isa = PBXFileReference; fileEncoding = 4; lastKnownFileType = sourcecode.c.h; name = tinyxml.h; path = ../../../addons/ofxXmlSettings/libs/tinyxml.h; sourceTree = SOURCE_ROOT; };
		5DBC7C721168EFC5003925DF /* tinyxmlerror.cpp */ = {isa = PBXFileReference; fileEncoding = 4; lastKnownFileType = sourcecode.cpp.cpp; name = tinyxmlerror.cpp; path = ../../../addons/ofxXmlSettings/libs/tinyxmlerror.cpp; sourceTree = SOURCE_ROOT; };
		5DBC7C731168EFC5003925DF /* tinyxmlparser.cpp */ = {isa = PBXFileReference; fileEncoding = 4; lastKnownFileType = sourcecode.cpp.cpp; name = tinyxmlparser.cpp; path = ../../../addons/ofxXmlSettings/libs/tinyxmlparser.cpp; sourceTree = SOURCE_ROOT; };
		5DBC7C751168EFC5003925DF /* ofxXmlSettings.cpp */ = {isa = PBXFileReference; fileEncoding = 4; lastKnownFileType = sourcecode.cpp.cpp; name = ofxXmlSettings.cpp; path = ../../../addons/ofxXmlSettings/src/ofxXmlSettings.cpp; sourceTree = SOURCE_ROOT; };
		5DBC7C761168EFC5003925DF /* ofxXmlSettings.h */ = {isa = PBXFileReference; fileEncoding = 4; lastKnownFileType = sourcecode.c.h; name = ofxXmlSettings.h; path = ../../../addons/ofxXmlSettings/src/ofxXmlSettings.h; sourceTree = SOURCE_ROOT; };
		5DD7769F116B1D22003C6450 /* ofxMatrix3x3.cpp */ = {isa = PBXFileReference; fileEncoding = 4; lastKnownFileType = sourcecode.cpp.cpp; name = ofxMatrix3x3.cpp; path = ../../../addons/ofxVectorMath/src/ofxMatrix3x3.cpp; sourceTree = SOURCE_ROOT; };
		5DD776A0116B1D22003C6450 /* ofxMatrix3x3.h */ = {isa = PBXFileReference; fileEncoding = 4; lastKnownFileType = sourcecode.c.h; name = ofxMatrix3x3.h; path = ../../../addons/ofxVectorMath/src/ofxMatrix3x3.h; sourceTree = SOURCE_ROOT; };
		5DD776A1116B1D22003C6450 /* ofxMatrix4x4.cpp */ = {isa = PBXFileReference; fileEncoding = 4; lastKnownFileType = sourcecode.cpp.cpp; name = ofxMatrix4x4.cpp; path = ../../../addons/ofxVectorMath/src/ofxMatrix4x4.cpp; sourceTree = SOURCE_ROOT; };
		5DD776A2116B1D22003C6450 /* ofxMatrix4x4.h */ = {isa = PBXFileReference; fileEncoding = 4; lastKnownFileType = sourcecode.c.h; name = ofxMatrix4x4.h; path = ../../../addons/ofxVectorMath/src/ofxMatrix4x4.h; sourceTree = SOURCE_ROOT; };
		5DD776A3116B1D22003C6450 /* ofxPoint2f.h */ = {isa = PBXFileReference; fileEncoding = 4; lastKnownFileType = sourcecode.c.h; name = ofxPoint2f.h; path = ../../../addons/ofxVectorMath/src/ofxPoint2f.h; sourceTree = SOURCE_ROOT; };
		5DD776A4116B1D22003C6450 /* ofxPoint3f.h */ = {isa = PBXFileReference; fileEncoding = 4; lastKnownFileType = sourcecode.c.h; name = ofxPoint3f.h; path = ../../../addons/ofxVectorMath/src/ofxPoint3f.h; sourceTree = SOURCE_ROOT; };
		5DD776A5116B1D22003C6450 /* ofxPoint4f.h */ = {isa = PBXFileReference; fileEncoding = 4; lastKnownFileType = sourcecode.c.h; name = ofxPoint4f.h; path = ../../../addons/ofxVectorMath/src/ofxPoint4f.h; sourceTree = SOURCE_ROOT; };
		5DD776A6116B1D22003C6450 /* ofxQuaternion.cpp */ = {isa = PBXFileReference; fileEncoding = 4; lastKnownFileType = sourcecode.cpp.cpp; name = ofxQuaternion.cpp; path = ../../../addons/ofxVectorMath/src/ofxQuaternion.cpp; sourceTree = SOURCE_ROOT; };
		5DD776A7116B1D22003C6450 /* ofxQuaternion.h */ = {isa = PBXFileReference; fileEncoding = 4; lastKnownFileType = sourcecode.c.h; name = ofxQuaternion.h; path = ../../../addons/ofxVectorMath/src/ofxQuaternion.h; sourceTree = SOURCE_ROOT; };
		5DD776A8116B1D22003C6450 /* ofxVec2f.h */ = {isa = PBXFileReference; fileEncoding = 4; lastKnownFileType = sourcecode.c.h; name = ofxVec2f.h; path = ../../../addons/ofxVectorMath/src/ofxVec2f.h; sourceTree = SOURCE_ROOT; };
		5DD776A9116B1D22003C6450 /* ofxVec3f.h */ = {isa = PBXFileReference; fileEncoding = 4; lastKnownFileType = sourcecode.c.h; name = ofxVec3f.h; path = ../../../addons/ofxVectorMath/src/ofxVec3f.h; sourceTree = SOURCE_ROOT; };
		5DD776AA116B1D22003C6450 /* ofxVec4f.h */ = {isa = PBXFileReference; fileEncoding = 4; lastKnownFileType = sourcecode.c.h; name = ofxVec4f.h; path = ../../../addons/ofxVectorMath/src/ofxVec4f.h; sourceTree = SOURCE_ROOT; };
		5DD776AB116B1D22003C6450 /* ofxVectorMath.h */ = {isa = PBXFileReference; fileEncoding = 4; lastKnownFileType = sourcecode.c.h; name = ofxVectorMath.h; path = ../../../addons/ofxVectorMath/src/ofxVectorMath.h; sourceTree = SOURCE_ROOT; };
		E45BE0390E8CC647009D7055 /* FreeImage.h */ = {isa = PBXFileReference; fileEncoding = 4; lastKnownFileType = sourcecode.c.h; name = FreeImage.h; path = ../../../libs/freeimage/include/FreeImage.h; sourceTree = SOURCE_ROOT; };
		E45BE03F0E8CC650009D7055 /* fmod.h */ = {isa = PBXFileReference; fileEncoding = 4; lastKnownFileType = sourcecode.c.h; name = fmod.h; path = ../../../libs/fmodex/include/fmod.h; sourceTree = SOURCE_ROOT; };
		E45BE0400E8CC650009D7055 /* fmod.hpp */ = {isa = PBXFileReference; fileEncoding = 4; lastKnownFileType = sourcecode.cpp.h; name = fmod.hpp; path = ../../../libs/fmodex/include/fmod.hpp; sourceTree = SOURCE_ROOT; };
		E45BE0410E8CC650009D7055 /* fmod_codec.h */ = {isa = PBXFileReference; fileEncoding = 4; lastKnownFileType = sourcecode.c.h; name = fmod_codec.h; path = ../../../libs/fmodex/include/fmod_codec.h; sourceTree = SOURCE_ROOT; };
		E45BE0420E8CC650009D7055 /* fmod_dsp.h */ = {isa = PBXFileReference; fileEncoding = 4; lastKnownFileType = sourcecode.c.h; name = fmod_dsp.h; path = ../../../libs/fmodex/include/fmod_dsp.h; sourceTree = SOURCE_ROOT; };
		E45BE0430E8CC650009D7055 /* fmod_errors.h */ = {isa = PBXFileReference; fileEncoding = 4; lastKnownFileType = sourcecode.c.h; name = fmod_errors.h; path = ../../../libs/fmodex/include/fmod_errors.h; sourceTree = SOURCE_ROOT; };
		E45BE0440E8CC650009D7055 /* fmod_output.h */ = {isa = PBXFileReference; fileEncoding = 4; lastKnownFileType = sourcecode.c.h; name = fmod_output.h; path = ../../../libs/fmodex/include/fmod_output.h; sourceTree = SOURCE_ROOT; };
		E45BE0A70E8CC67C009D7055 /* GLee.h */ = {isa = PBXFileReference; fileEncoding = 4; lastKnownFileType = sourcecode.c.h; name = GLee.h; path = ../../../libs/GLee/include/GLee.h; sourceTree = SOURCE_ROOT; };
		E45BE0A90E8CC67C009D7055 /* GLee.a */ = {isa = PBXFileReference; lastKnownFileType = archive.ar; name = GLee.a; path = ../../../libs/GLee/lib/osx/GLee.a; sourceTree = SOURCE_ROOT; };
		E45BE2E00E8CC69C009D7055 /* RtAudio.h */ = {isa = PBXFileReference; fileEncoding = 4; lastKnownFileType = sourcecode.c.h; name = RtAudio.h; path = ../../../libs/rtAudio/include/RtAudio.h; sourceTree = SOURCE_ROOT; };
		E45BE2E10E8CC69C009D7055 /* RtError.h */ = {isa = PBXFileReference; fileEncoding = 4; lastKnownFileType = sourcecode.c.h; name = RtError.h; path = ../../../libs/rtAudio/include/RtError.h; sourceTree = SOURCE_ROOT; };
		E45BE2E30E8CC69C009D7055 /* rtAudio.a */ = {isa = PBXFileReference; lastKnownFileType = archive.ar; name = rtAudio.a; path = ../../../libs/rtAudio/lib/osx/rtAudio.a; sourceTree = SOURCE_ROOT; };
		E45BE9710E8CC7DD009D7055 /* AGL.framework */ = {isa = PBXFileReference; lastKnownFileType = wrapper.framework; name = AGL.framework; path = /System/Library/Frameworks/AGL.framework; sourceTree = "<absolute>"; };
		E45BE9720E8CC7DD009D7055 /* ApplicationServices.framework */ = {isa = PBXFileReference; lastKnownFileType = wrapper.framework; name = ApplicationServices.framework; path = /System/Library/Frameworks/ApplicationServices.framework; sourceTree = "<absolute>"; };
		E45BE9730E8CC7DD009D7055 /* AudioToolbox.framework */ = {isa = PBXFileReference; lastKnownFileType = wrapper.framework; name = AudioToolbox.framework; path = /System/Library/Frameworks/AudioToolbox.framework; sourceTree = "<absolute>"; };
		E45BE9740E8CC7DD009D7055 /* Carbon.framework */ = {isa = PBXFileReference; lastKnownFileType = wrapper.framework; name = Carbon.framework; path = /System/Library/Frameworks/Carbon.framework; sourceTree = "<absolute>"; };
		E45BE9750E8CC7DD009D7055 /* CoreAudio.framework */ = {isa = PBXFileReference; lastKnownFileType = wrapper.framework; name = CoreAudio.framework; path = /System/Library/Frameworks/CoreAudio.framework; sourceTree = "<absolute>"; };
		E45BE9760E8CC7DD009D7055 /* CoreFoundation.framework */ = {isa = PBXFileReference; lastKnownFileType = wrapper.framework; name = CoreFoundation.framework; path = /System/Library/Frameworks/CoreFoundation.framework; sourceTree = "<absolute>"; };
		E45BE9770E8CC7DD009D7055 /* CoreServices.framework */ = {isa = PBXFileReference; lastKnownFileType = wrapper.framework; name = CoreServices.framework; path = /System/Library/Frameworks/CoreServices.framework; sourceTree = "<absolute>"; };
		E45BE9790E8CC7DD009D7055 /* OpenGL.framework */ = {isa = PBXFileReference; lastKnownFileType = wrapper.framework; name = OpenGL.framework; path = /System/Library/Frameworks/OpenGL.framework; sourceTree = "<absolute>"; };
		E45BE97A0E8CC7DD009D7055 /* QuickTime.framework */ = {isa = PBXFileReference; lastKnownFileType = wrapper.framework; name = QuickTime.framework; path = /System/Library/Frameworks/QuickTime.framework; sourceTree = "<absolute>"; };
		E4B69B5B0A3A1756003C02F2 /* feedbackImagePlayer.app */ = {isa = PBXFileReference; explicitFileType = wrapper.application; includeInIndex = 0; path = feedbackImagePlayer.app; sourceTree = BUILT_PRODUCTS_DIR; };
		E4B6FCAD0C3E899E008CF71C /* openFrameworks-Info.plist */ = {isa = PBXFileReference; fileEncoding = 30; lastKnownFileType = text.plist.xml; path = "openFrameworks-Info.plist"; sourceTree = "<group>"; };
		E4C2421610CC549C004149E2 /* openFrameworksLib.xcodeproj */ = {isa = PBXFileReference; lastKnownFileType = "wrapper.pb-project"; name = openFrameworksLib.xcodeproj; path = ../../../libs/openFrameworksCompiled/project/osx/openFrameworksLib.xcodeproj; sourceTree = SOURCE_ROOT; };
		E4C2424410CC5A17004149E2 /* AppKit.framework */ = {isa = PBXFileReference; lastKnownFileType = wrapper.framework; name = AppKit.framework; path = /System/Library/Frameworks/AppKit.framework; sourceTree = "<absolute>"; };
		E4C2424510CC5A17004149E2 /* Cocoa.framework */ = {isa = PBXFileReference; lastKnownFileType = wrapper.framework; name = Cocoa.framework; path = /System/Library/Frameworks/Cocoa.framework; sourceTree = "<absolute>"; };
		E4C2424610CC5A17004149E2 /* IOKit.framework */ = {isa = PBXFileReference; lastKnownFileType = wrapper.framework; name = IOKit.framework; path = /System/Library/Frameworks/IOKit.framework; sourceTree = "<absolute>"; };
		E4C2425F10CC5A78004149E2 /* GLUT.framework */ = {isa = PBXFileReference; lastKnownFileType = wrapper.framework; name = GLUT.framework; path = ../../../libs/glut/lib/osx/GLUT.framework; sourceTree = SOURCE_ROOT; };
		E4C2427A10CC5B66004149E2 /* CppUnit.a */ = {isa = PBXFileReference; lastKnownFileType = archive.ar; name = CppUnit.a; path = ../../../libs/poco/lib/osx/CppUnit.a; sourceTree = SOURCE_ROOT; };
		E4C2427B10CC5B66004149E2 /* PocoFoundation.a */ = {isa = PBXFileReference; lastKnownFileType = archive.ar; name = PocoFoundation.a; path = ../../../libs/poco/lib/osx/PocoFoundation.a; sourceTree = SOURCE_ROOT; };
		E4C2427C10CC5B66004149E2 /* PocoNet.a */ = {isa = PBXFileReference; lastKnownFileType = archive.ar; name = PocoNet.a; path = ../../../libs/poco/lib/osx/PocoNet.a; sourceTree = SOURCE_ROOT; };
		E4C2427D10CC5B66004149E2 /* PocoUtil.a */ = {isa = PBXFileReference; lastKnownFileType = archive.ar; name = PocoUtil.a; path = ../../../libs/poco/lib/osx/PocoUtil.a; sourceTree = SOURCE_ROOT; };
		E4C2427E10CC5B66004149E2 /* PocoXML.a */ = {isa = PBXFileReference; lastKnownFileType = archive.ar; name = PocoXML.a; path = ../../../libs/poco/lib/osx/PocoXML.a; sourceTree = SOURCE_ROOT; };
		E4C2429310CC5C38004149E2 /* freetype.a */ = {isa = PBXFileReference; lastKnownFileType = archive.ar; name = freetype.a; path = ../../../libs/freetype/lib/osx/freetype.a; sourceTree = SOURCE_ROOT; };
		E4C242CC10CC650E004149E2 /* libfmodex.dylib */ = {isa = PBXFileReference; lastKnownFileType = "compiled.mach-o.dylib"; name = libfmodex.dylib; path = ../../../libs/fmodex/lib/osx/libfmodex.dylib; sourceTree = SOURCE_ROOT; };
		E4C246D910CCAE22004149E2 /* freeimage.a */ = {isa = PBXFileReference; lastKnownFileType = archive.ar; name = freeimage.a; path = ../../../libs/FreeImage/lib/osx/freeimage.a; sourceTree = SOURCE_ROOT; };
/* End PBXFileReference section */

/* Begin PBXFrameworksBuildPhase section */
		E4B69B590A3A1756003C02F2 /* Frameworks */ = {
			isa = PBXFrameworksBuildPhase;
			buildActionMask = 2147483647;
			files = (
				E4C2422B10CC554B004149E2 /* openFrameworksDebug.a in Frameworks */,
				E45BE0AA0E8CC67C009D7055 /* GLee.a in Frameworks */,
				E45BE2E40E8CC69C009D7055 /* rtAudio.a in Frameworks */,
				E45BE97B0E8CC7DD009D7055 /* AGL.framework in Frameworks */,
				E45BE97C0E8CC7DD009D7055 /* ApplicationServices.framework in Frameworks */,
				E45BE97D0E8CC7DD009D7055 /* AudioToolbox.framework in Frameworks */,
				E45BE97E0E8CC7DD009D7055 /* Carbon.framework in Frameworks */,
				E45BE97F0E8CC7DD009D7055 /* CoreAudio.framework in Frameworks */,
				E45BE9800E8CC7DD009D7055 /* CoreFoundation.framework in Frameworks */,
				E45BE9810E8CC7DD009D7055 /* CoreServices.framework in Frameworks */,
				E45BE9830E8CC7DD009D7055 /* OpenGL.framework in Frameworks */,
				E45BE9840E8CC7DD009D7055 /* QuickTime.framework in Frameworks */,
				E4C2424710CC5A17004149E2 /* AppKit.framework in Frameworks */,
				E4C2424810CC5A17004149E2 /* Cocoa.framework in Frameworks */,
				E4C2424910CC5A17004149E2 /* IOKit.framework in Frameworks */,
				E4C2426610CC5A78004149E2 /* GLUT.framework in Frameworks */,
				E4C2427F10CC5B66004149E2 /* CppUnit.a in Frameworks */,
				E4C2428010CC5B66004149E2 /* PocoFoundation.a in Frameworks */,
				E4C2428110CC5B66004149E2 /* PocoNet.a in Frameworks */,
				E4C2428210CC5B66004149E2 /* PocoUtil.a in Frameworks */,
				E4C2428310CC5B66004149E2 /* PocoXML.a in Frameworks */,
				E4C2429410CC5C38004149E2 /* freetype.a in Frameworks */,
				E4C242CD10CC650E004149E2 /* libfmodex.dylib in Frameworks */,
				E4C246DA10CCAE22004149E2 /* freeimage.a in Frameworks */,
			);
			runOnlyForDeploymentPostprocessing = 0;
		};
/* End PBXFrameworksBuildPhase section */

/* Begin PBXGroup section */
		5D0BD318116A4E25005107AA /* ofxControlPanelFromTodd */ = {
			isa = PBXGroup;
			children = (
				5D0BD319116A4E25005107AA /* guiBaseObject.cpp */,
				5D0BD31A116A4E25005107AA /* guiBaseObject.h */,
				5D0BD31B116A4E25005107AA /* guiCallback.cpp */,
				5D0BD31C116A4E25005107AA /* guiCallback.h */,
				5D0BD31D116A4E25005107AA /* guiCallbackValue.cpp */,
				5D0BD31E116A4E25005107AA /* guiCallbackValue.h */,
				5D0BD31F116A4E25005107AA /* guiColor.cpp */,
				5D0BD320116A4E25005107AA /* guiColor.h */,
				5D0BD321116A4E25005107AA /* guiCustomImpl.h */,
				5D0BD322116A4E25005107AA /* guiIncludes.h */,
				5D0BD323116A4E25005107AA /* guiTextBase.cpp */,
				5D0BD324116A4E25005107AA /* guiTextBase.h */,
				5D0BD325116A4E25005107AA /* guiType2DSlider.cpp */,
				5D0BD326116A4E25005107AA /* guiType2DSlider.h */,
				5D0BD327116A4E25005107AA /* guiTypeButtonSlider.cpp */,
				5D0BD328116A4E25005107AA /* guiTypeButtonSlider.h */,
				5D0BD329116A4E25005107AA /* guiTypeChartPlotter.cpp */,
				5D0BD32A116A4E25005107AA /* guiTypeChartPlotter.h */,
				5D0BD32B116A4E25005107AA /* guiTypeCustom.cpp */,
				5D0BD32C116A4E25005107AA /* guiTypeCustom.h */,
				5D0BD32D116A4E25005107AA /* guiTypeDrawable.cpp */,
				5D0BD32E116A4E25005107AA /* guiTypeDrawable.h */,
				5D0BD32F116A4E25005107AA /* guiTypeFileLister.cpp */,
				5D0BD330116A4E25005107AA /* guiTypeFileLister.h */,
				5D0BD331116A4E25005107AA /* guiTypeLogger.cpp */,
				5D0BD332116A4E25005107AA /* guiTypeLogger.h */,
				5D0BD333116A4E25005107AA /* guiTypeMultiToggle.cpp */,
				5D0BD334116A4E25005107AA /* guiTypeMultiToggle.h */,
				5D0BD335116A4E25005107AA /* guiTypePanel.cpp */,
				5D0BD336116A4E25005107AA /* guiTypePanel.h */,
				5D0BD337116A4E25005107AA /* guiTypeSlider.cpp */,
				5D0BD338116A4E25005107AA /* guiTypeSlider.h */,
				5D0BD339116A4E25005107AA /* guiTypeText.cpp */,
				5D0BD33A116A4E25005107AA /* guiTypeText.h */,
				5D0BD33B116A4E25005107AA /* guiTypeTextDropDown.cpp */,
				5D0BD33C116A4E25005107AA /* guiTypeTextDropDown.h */,
				5D0BD33D116A4E25005107AA /* guiTypeToggle.cpp */,
				5D0BD33E116A4E25005107AA /* guiTypeToggle.h */,
				5D0BD33F116A4E25005107AA /* guiTypeVairableLister.cpp */,
				5D0BD340116A4E25005107AA /* guiTypeVairableLister.h */,
				5D0BD341116A4E25005107AA /* guiTypeVideo.cpp */,
				5D0BD342116A4E25005107AA /* guiTypeVideo.h */,
				5D0BD343116A4E25005107AA /* guiValue.cpp */,
				5D0BD344116A4E25005107AA /* guiValue.h */,
				5D0BD345116A4E25005107AA /* guiVariablePointer.h */,
				5D0BD346116A4E25005107AA /* ofxControlPanel.cpp */,
				5D0BD347116A4E25005107AA /* ofxControlPanel.h */,
				5D0BD348116A4E25005107AA /* simpleColor.cpp */,
				5D0BD349116A4E25005107AA /* simpleColor.h */,
				5D0BD34A116A4E25005107AA /* simpleFileLister.cpp */,
				5D0BD34B116A4E25005107AA /* simpleFileLister.h */,
				5D0BD34C116A4E25005107AA /* simpleLogger.cpp */,
				5D0BD34D116A4E25005107AA /* simpleLogger.h */,
			);
			path = ofxControlPanelFromTodd;
			sourceTree = "<group>";
		};
		5DBC799D1168EFA8003925DF /* src */ = {
			isa = PBXGroup;
			children = (
				5DBC799E1168EFA8003925DF /* Interactive */,
				5DBC79AA1168EFA8003925DF /* main.cpp */,
				5DBC79AD1168EFA8003925DF /* testApp.cpp */,
				5DBC79AE1168EFA8003925DF /* testApp.h */,
				5DBC79AF1168EFA8003925DF /* Utils */,
			);
			path = src;
			sourceTree = SOURCE_ROOT;
		};
		5DBC799E1168EFA8003925DF /* Interactive */ = {
			isa = PBXGroup;
			children = (
				5DBC799F1168EFA8003925DF /* InteractiveManager.cpp */,
				5DBC79A01168EFA8003925DF /* InteractiveManager.h */,
			);
			name = Interactive;
			path = src/Interactive;
			sourceTree = SOURCE_ROOT;
		};
		5DBC79AF1168EFA8003925DF /* Utils */ = {
			isa = PBXGroup;
			children = (
				5D8AC7DF11724E030041F8B4 /* ImageLoader.h */,
				5DBC79B01168EFA8003925DF /* AppSettings.cpp */,
				5D6ABEEC117337A9008FAA87 /* AppSettings.h */,
			);
			name = Utils;
			path = src/Utils;
			sourceTree = SOURCE_ROOT;
		};
		5DBC79BB1168EFC4003925DF /* addons */ = {
			isa = PBXGroup;
			children = (
				5DD7769C116B1D22003C6450 /* ofxVectorMath */,
				5D0BD318116A4E25005107AA /* ofxControlPanelFromTodd */,
				5DBC7ACB1168EFC5003925DF /* ofxDirList */,
				5DBC7BB91168EFC5003925DF /* ofxThread */,
				5DBC7C6D1168EFC5003925DF /* ofxXmlSettings */,
			);
			name = addons;
			path = ../../../addons;
			sourceTree = SOURCE_ROOT;
		};
		5DBC7ACB1168EFC5003925DF /* ofxDirList */ = {
			isa = PBXGroup;
			children = (
				5DBC7ACF1168EFC5003925DF /* src */,
			);
			name = ofxDirList;
			path = ../../../addons/ofxDirList;
			sourceTree = SOURCE_ROOT;
		};
		5DBC7ACF1168EFC5003925DF /* src */ = {
			isa = PBXGroup;
			children = (
				5DBC7AD01168EFC5003925DF /* ofxDirList.cpp */,
				5DBC7AD11168EFC5003925DF /* ofxDirList.h */,
			);
			name = src;
			path = ../../../addons/ofxDirList/src;
			sourceTree = SOURCE_ROOT;
		};
		5DBC7BB91168EFC5003925DF /* ofxThread */ = {
			isa = PBXGroup;
			children = (
				5DBC7BBD1168EFC5003925DF /* src */,
			);
			name = ofxThread;
			path = ../../../addons/ofxThread;
			sourceTree = SOURCE_ROOT;
		};
		5DBC7BBD1168EFC5003925DF /* src */ = {
			isa = PBXGroup;
			children = (
				5DBC7BBE1168EFC5003925DF /* ofxThread.cpp */,
				5DBC7BBF1168EFC5003925DF /* ofxThread.h */,
			);
			name = src;
			path = ../../../addons/ofxThread/src;
			sourceTree = SOURCE_ROOT;
		};
		5DBC7C6D1168EFC5003925DF /* ofxXmlSettings */ = {
			isa = PBXGroup;
			children = (
				5DBC7C6F1168EFC5003925DF /* libs */,
				5DBC7C741168EFC5003925DF /* src */,
			);
			name = ofxXmlSettings;
			path = ../../../addons/ofxXmlSettings;
			sourceTree = SOURCE_ROOT;
		};
		5DBC7C6F1168EFC5003925DF /* libs */ = {
			isa = PBXGroup;
			children = (
				5DBC7C701168EFC5003925DF /* tinyxml.cpp */,
				5DBC7C711168EFC5003925DF /* tinyxml.h */,
				5DBC7C721168EFC5003925DF /* tinyxmlerror.cpp */,
				5DBC7C731168EFC5003925DF /* tinyxmlparser.cpp */,
			);
			name = libs;
			path = ../../../addons/ofxXmlSettings/libs;
			sourceTree = SOURCE_ROOT;
		};
		5DBC7C741168EFC5003925DF /* src */ = {
			isa = PBXGroup;
			children = (
				5DBC7C751168EFC5003925DF /* ofxXmlSettings.cpp */,
				5DBC7C761168EFC5003925DF /* ofxXmlSettings.h */,
			);
			name = src;
			path = ../../../addons/ofxXmlSettings/src;
			sourceTree = SOURCE_ROOT;
		};
		5DD7769C116B1D22003C6450 /* ofxVectorMath */ = {
			isa = PBXGroup;
			children = (
				5DD7769E116B1D22003C6450 /* src */,
			);
			name = ofxVectorMath;
			path = ../../../addons/ofxVectorMath;
			sourceTree = SOURCE_ROOT;
		};
		5DD7769E116B1D22003C6450 /* src */ = {
			isa = PBXGroup;
			children = (
				5DD7769F116B1D22003C6450 /* ofxMatrix3x3.cpp */,
				5DD776A0116B1D22003C6450 /* ofxMatrix3x3.h */,
				5DD776A1116B1D22003C6450 /* ofxMatrix4x4.cpp */,
				5DD776A2116B1D22003C6450 /* ofxMatrix4x4.h */,
				5DD776A3116B1D22003C6450 /* ofxPoint2f.h */,
				5DD776A4116B1D22003C6450 /* ofxPoint3f.h */,
				5DD776A5116B1D22003C6450 /* ofxPoint4f.h */,
				5DD776A6116B1D22003C6450 /* ofxQuaternion.cpp */,
				5DD776A7116B1D22003C6450 /* ofxQuaternion.h */,
				5DD776A8116B1D22003C6450 /* ofxVec2f.h */,
				5DD776A9116B1D22003C6450 /* ofxVec3f.h */,
				5DD776AA116B1D22003C6450 /* ofxVec4f.h */,
				5DD776AB116B1D22003C6450 /* ofxVectorMath.h */,
			);
			name = src;
			path = ../../../addons/ofxVectorMath/src;
			sourceTree = SOURCE_ROOT;
		};
		E45BE0360E8CC5DE009D7055 /* libs */ = {
			isa = PBXGroup;
			children = (
				E45BEED60E8CCB34009D7055 /* core */,
			);
			name = libs;
			sourceTree = "<group>";
		};
		E45BE0370E8CC647009D7055 /* freeimage */ = {
			isa = PBXGroup;
			children = (
				E4C246D810CCAE22004149E2 /* osx */,
				E45BE0380E8CC647009D7055 /* include */,
			);
			name = freeimage;
			path = ../../../libs/freeimage;
			sourceTree = SOURCE_ROOT;
		};
		E45BE0380E8CC647009D7055 /* include */ = {
			isa = PBXGroup;
			children = (
				E45BE0390E8CC647009D7055 /* FreeImage.h */,
			);
			name = include;
			path = ../../../libs/freeimage/include;
			sourceTree = SOURCE_ROOT;
		};
		E45BE03D0E8CC650009D7055 /* fmodex */ = {
			isa = PBXGroup;
			children = (
				E45BE03E0E8CC650009D7055 /* inc */,
				E4C2428E10CC5C18004149E2 /* osx */,
			);
			name = fmodex;
			path = ../../../libs/fmodex;
			sourceTree = SOURCE_ROOT;
		};
		E45BE03E0E8CC650009D7055 /* inc */ = {
			isa = PBXGroup;
			children = (
				E45BE03F0E8CC650009D7055 /* fmod.h */,
				E45BE0400E8CC650009D7055 /* fmod.hpp */,
				E45BE0410E8CC650009D7055 /* fmod_codec.h */,
				E45BE0420E8CC650009D7055 /* fmod_dsp.h */,
				E45BE0430E8CC650009D7055 /* fmod_errors.h */,
				E45BE0440E8CC650009D7055 /* fmod_output.h */,
			);
			name = inc;
			path = ../../../libs/fmodex/include;
			sourceTree = SOURCE_ROOT;
		};
		E45BE0480E8CC657009D7055 /* core libraries */ = {
			isa = PBXGroup;
			children = (
				E4C2425B10CC5A78004149E2 /* glut */,
				E45BEC7B0E8CC911009D7055 /* poco */,
				E45BE2D50E8CC69C009D7055 /* rtAudio */,
				E45BE0A50E8CC67C009D7055 /* GLee */,
				E45BE0490E8CC676009D7055 /* freetype */,
				E45BE03D0E8CC650009D7055 /* fmodex */,
				E45BE0370E8CC647009D7055 /* freeimage */,
			);
			name = "core libraries";
			sourceTree = "<group>";
		};
		E45BE0490E8CC676009D7055 /* freetype */ = {
			isa = PBXGroup;
			children = (
				E4C2429210CC5C38004149E2 /* osx */,
			);
			name = freetype;
			path = ../../../libs/freetype;
			sourceTree = SOURCE_ROOT;
		};
		E45BE0A50E8CC67C009D7055 /* GLee */ = {
			isa = PBXGroup;
			children = (
				E45BE0A60E8CC67C009D7055 /* include */,
				E45BE0A80E8CC67C009D7055 /* lib */,
			);
			name = GLee;
			path = ../../../libs/GLee;
			sourceTree = SOURCE_ROOT;
		};
		E45BE0A60E8CC67C009D7055 /* include */ = {
			isa = PBXGroup;
			children = (
				E45BE0A70E8CC67C009D7055 /* GLee.h */,
			);
			name = include;
			path = ../../../libs/GLee/include;
			sourceTree = SOURCE_ROOT;
		};
		E45BE0A80E8CC67C009D7055 /* lib */ = {
			isa = PBXGroup;
			children = (
				E45BE0A90E8CC67C009D7055 /* GLee.a */,
			);
			name = lib;
			path = ../../../libs/GLee/lib/osx;
			sourceTree = SOURCE_ROOT;
		};
		E45BE2D50E8CC69C009D7055 /* rtAudio */ = {
			isa = PBXGroup;
			children = (
				E45BE2D60E8CC69C009D7055 /* include */,
				E45BE2E20E8CC69C009D7055 /* lib */,
			);
			name = rtAudio;
			path = ../../../libs/rtAudio;
			sourceTree = SOURCE_ROOT;
		};
		E45BE2D60E8CC69C009D7055 /* include */ = {
			isa = PBXGroup;
			children = (
				E45BE2D70E8CC69C009D7055 /* asio */,
				E45BE2E00E8CC69C009D7055 /* RtAudio.h */,
				E45BE2E10E8CC69C009D7055 /* RtError.h */,
			);
			name = include;
			path = ../../../libs/rtAudio/include;
			sourceTree = SOURCE_ROOT;
		};
		E45BE2D70E8CC69C009D7055 /* asio */ = {
			isa = PBXGroup;
			children = (
			);
			name = asio;
			path = ../../../libs/rtAudio/include/asio;
			sourceTree = SOURCE_ROOT;
		};
		E45BE2E20E8CC69C009D7055 /* lib */ = {
			isa = PBXGroup;
			children = (
				E45BE2E30E8CC69C009D7055 /* rtAudio.a */,
			);
			name = lib;
			path = ../../../libs/rtAudio/lib/osx;
			sourceTree = SOURCE_ROOT;
		};
		E45BE5980E8CC70C009D7055 /* core frameworks */ = {
			isa = PBXGroup;
			children = (
				E4C2424410CC5A17004149E2 /* AppKit.framework */,
				E4C2424510CC5A17004149E2 /* Cocoa.framework */,
				E4C2424610CC5A17004149E2 /* IOKit.framework */,
				E45BE9710E8CC7DD009D7055 /* AGL.framework */,
				E45BE9720E8CC7DD009D7055 /* ApplicationServices.framework */,
				E45BE9730E8CC7DD009D7055 /* AudioToolbox.framework */,
				E45BE9740E8CC7DD009D7055 /* Carbon.framework */,
				E45BE9750E8CC7DD009D7055 /* CoreAudio.framework */,
				E45BE9760E8CC7DD009D7055 /* CoreFoundation.framework */,
				E45BE9770E8CC7DD009D7055 /* CoreServices.framework */,
				E45BE9790E8CC7DD009D7055 /* OpenGL.framework */,
				E45BE97A0E8CC7DD009D7055 /* QuickTime.framework */,
			);
			name = "core frameworks";
			sourceTree = "<group>";
		};
		E45BEC7B0E8CC911009D7055 /* poco */ = {
			isa = PBXGroup;
			children = (
				E4C2427910CC5B66004149E2 /* osx */,
			);
			name = poco;
			path = ../../../libs/poco;
			sourceTree = SOURCE_ROOT;
		};
		E45BEED60E8CCB34009D7055 /* core */ = {
			isa = PBXGroup;
			children = (
				E45BE0480E8CC657009D7055 /* core libraries */,
				E45BE5980E8CC70C009D7055 /* core frameworks */,
			);
			name = core;
			sourceTree = "<group>";
		};
		E4B69B4A0A3A1720003C02F2 = {
			isa = PBXGroup;
			children = (
				E4B69B5B0A3A1756003C02F2 /* feedbackImagePlayer.app */,
				E4B6FCAD0C3E899E008CF71C /* openFrameworks-Info.plist */,
				5DBC799D1168EFA8003925DF /* src */,
				E4C2422310CC54B6004149E2 /* openFrameworks */,
				5DBC79BB1168EFC4003925DF /* addons */,
				E45BE0360E8CC5DE009D7055 /* libs */,
			);
			sourceTree = "<group>";
		};
		E4C2421710CC549C004149E2 /* Products */ = {
			isa = PBXGroup;
			children = (
				E4C2421E10CC549C004149E2 /* openFrameworksDebug.a */,
			);
			name = Products;
			sourceTree = "<group>";
		};
		E4C2422310CC54B6004149E2 /* openFrameworks */ = {
			isa = PBXGroup;
			children = (
				E4C2421610CC549C004149E2 /* openFrameworksLib.xcodeproj */,
			);
			name = openFrameworks;
			sourceTree = "<group>";
		};
		E4C2425B10CC5A78004149E2 /* glut */ = {
			isa = PBXGroup;
			children = (
				E4C2425D10CC5A78004149E2 /* lib */,
			);
			name = glut;
			path = ../../../libs/glut;
			sourceTree = SOURCE_ROOT;
		};
		E4C2425D10CC5A78004149E2 /* lib */ = {
			isa = PBXGroup;
			children = (
				E4C2425E10CC5A78004149E2 /* osx */,
			);
			name = lib;
			path = ../../../libs/glut/lib;
			sourceTree = SOURCE_ROOT;
		};
		E4C2425E10CC5A78004149E2 /* osx */ = {
			isa = PBXGroup;
			children = (
				E4C2425F10CC5A78004149E2 /* GLUT.framework */,
			);
			name = osx;
			path = ../../../libs/glut/lib/osx;
			sourceTree = SOURCE_ROOT;
		};
		E4C2427910CC5B66004149E2 /* osx */ = {
			isa = PBXGroup;
			children = (
				E4C2427A10CC5B66004149E2 /* CppUnit.a */,
				E4C2427B10CC5B66004149E2 /* PocoFoundation.a */,
				E4C2427C10CC5B66004149E2 /* PocoNet.a */,
				E4C2427D10CC5B66004149E2 /* PocoUtil.a */,
				E4C2427E10CC5B66004149E2 /* PocoXML.a */,
			);
			name = osx;
			path = ../../../libs/poco/lib/osx;
			sourceTree = SOURCE_ROOT;
		};
		E4C2428E10CC5C18004149E2 /* osx */ = {
			isa = PBXGroup;
			children = (
				E4C242CC10CC650E004149E2 /* libfmodex.dylib */,
			);
			name = osx;
			path = ../../../libs/fmodex/lib/osx;
			sourceTree = SOURCE_ROOT;
		};
		E4C2429210CC5C38004149E2 /* osx */ = {
			isa = PBXGroup;
			children = (
				E4C2429310CC5C38004149E2 /* freetype.a */,
			);
			name = osx;
			path = ../../../libs/freetype/lib/osx;
			sourceTree = SOURCE_ROOT;
		};
		E4C246D810CCAE22004149E2 /* osx */ = {
			isa = PBXGroup;
			children = (
				E4C246D910CCAE22004149E2 /* freeimage.a */,
			);
			name = osx;
			path = ../../../libs/FreeImage/lib/osx;
			sourceTree = SOURCE_ROOT;
		};
/* End PBXGroup section */

/* Begin PBXNativeTarget section */
		E4B69B5A0A3A1756003C02F2 /* feedbackImagePlayer */ = {
			isa = PBXNativeTarget;
			buildConfigurationList = E4B69B5F0A3A1757003C02F2 /* Build configuration list for PBXNativeTarget "feedbackImagePlayer" */;
			buildPhases = (
				E4B69B580A3A1756003C02F2 /* Sources */,
				E4B69B590A3A1756003C02F2 /* Frameworks */,
				E4B6FFFD0C3F9AB9008CF71C /* ShellScript */,
				E4C2427710CC5ABF004149E2 /* CopyFiles */,
				E4C2444710CC769B004149E2 /* CopyFiles */,
			);
			buildRules = (
			);
			dependencies = (
				E4C2422810CC54DA004149E2 /* PBXTargetDependency */,
			);
			name = feedbackImagePlayer;
			productName = myOFApp;
			productReference = E4B69B5B0A3A1756003C02F2 /* feedbackImagePlayer.app */;
			productType = "com.apple.product-type.application";
		};
/* End PBXNativeTarget section */

/* Begin PBXProject section */
		E4B69B4C0A3A1720003C02F2 /* Project object */ = {
			isa = PBXProject;
			buildConfigurationList = E4B69B4D0A3A1720003C02F2 /* Build configuration list for PBXProject "feedbackImagePlayer" */;
			compatibilityVersion = "Xcode 2.4";
			developmentRegion = English;
			hasScannedForEncodings = 0;
			knownRegions = (
				English,
				Japanese,
				French,
				German,
			);
			mainGroup = E4B69B4A0A3A1720003C02F2;
			productRefGroup = E4B69B4A0A3A1720003C02F2;
			projectDirPath = "";
			projectReferences = (
				{
					ProductGroup = E4C2421710CC549C004149E2 /* Products */;
					ProjectRef = E4C2421610CC549C004149E2 /* openFrameworksLib.xcodeproj */;
				},
			);
			projectRoot = "";
			targets = (
				E4B69B5A0A3A1756003C02F2 /* feedbackImagePlayer */,
			);
		};
/* End PBXProject section */

/* Begin PBXReferenceProxy section */
		E4C2421E10CC549C004149E2 /* openFrameworksDebug.a */ = {
			isa = PBXReferenceProxy;
			fileType = archive.ar;
			path = openFrameworksDebug.a;
			remoteRef = E4C2421D10CC549C004149E2 /* PBXContainerItemProxy */;
			sourceTree = BUILT_PRODUCTS_DIR;
		};
/* End PBXReferenceProxy section */

/* Begin PBXShellScriptBuildPhase section */
		E4B6FFFD0C3F9AB9008CF71C /* ShellScript */ = {
			isa = PBXShellScriptBuildPhase;
			buildActionMask = 2147483647;
			files = (
			);
			inputPaths = (
			);
			outputPaths = (
			);
			runOnlyForDeploymentPostprocessing = 0;
			shellPath = /bin/sh;
			shellScript = "cp -f ../../../libs/fmodex/lib/osx/libfmodex.dylib \"$TARGET_BUILD_DIR/$PRODUCT_NAME.app/Contents/MacOS/libfmodex.dylib\"\ninstall_name_tool -change ./libfmodex.dylib @executable_path/libfmodex.dylib \"$TARGET_BUILD_DIR/$PRODUCT_NAME.app/Contents/MacOS/$PRODUCT_NAME\" ";
		};
/* End PBXShellScriptBuildPhase section */

/* Begin PBXSourcesBuildPhase section */
		E4B69B580A3A1756003C02F2 /* Sources */ = {
			isa = PBXSourcesBuildPhase;
			buildActionMask = 2147483647;
			files = (
				5DBC79B41168EFA8003925DF /* InteractiveManager.cpp in Sources */,
				5DBC79B71168EFA8003925DF /* main.cpp in Sources */,
				5DBC79B81168EFA8003925DF /* testApp.cpp in Sources */,
				5DBC79B91168EFA8003925DF /* AppSettings.cpp in Sources */,
				5DBC7CBF1168EFC6003925DF /* ofxDirList.cpp in Sources */,
				5DBC7CFC1168EFC6003925DF /* ofxThread.cpp in Sources */,
				5DBC7D1F1168EFC6003925DF /* tinyxml.cpp in Sources */,
				5DBC7D201168EFC6003925DF /* tinyxmlerror.cpp in Sources */,
				5DBC7D211168EFC6003925DF /* tinyxmlparser.cpp in Sources */,
				5DBC7D221168EFC6003925DF /* ofxXmlSettings.cpp in Sources */,
				5D0BD34E116A4E25005107AA /* guiBaseObject.cpp in Sources */,
				5D0BD34F116A4E25005107AA /* guiCallback.cpp in Sources */,
				5D0BD350116A4E25005107AA /* guiCallbackValue.cpp in Sources */,
				5D0BD351116A4E25005107AA /* guiColor.cpp in Sources */,
				5D0BD352116A4E25005107AA /* guiTextBase.cpp in Sources */,
				5D0BD353116A4E25005107AA /* guiType2DSlider.cpp in Sources */,
				5D0BD354116A4E25005107AA /* guiTypeButtonSlider.cpp in Sources */,
				5D0BD355116A4E25005107AA /* guiTypeChartPlotter.cpp in Sources */,
				5D0BD356116A4E25005107AA /* guiTypeCustom.cpp in Sources */,
				5D0BD357116A4E25005107AA /* guiTypeDrawable.cpp in Sources */,
				5D0BD358116A4E25005107AA /* guiTypeFileLister.cpp in Sources */,
				5D0BD359116A4E25005107AA /* guiTypeLogger.cpp in Sources */,
				5D0BD35A116A4E25005107AA /* guiTypeMultiToggle.cpp in Sources */,
				5D0BD35B116A4E25005107AA /* guiTypePanel.cpp in Sources */,
				5D0BD35C116A4E25005107AA /* guiTypeSlider.cpp in Sources */,
				5D0BD35D116A4E25005107AA /* guiTypeText.cpp in Sources */,
				5D0BD35E116A4E25005107AA /* guiTypeTextDropDown.cpp in Sources */,
				5D0BD35F116A4E25005107AA /* guiTypeToggle.cpp in Sources */,
				5D0BD360116A4E25005107AA /* guiTypeVairableLister.cpp in Sources */,
				5D0BD361116A4E25005107AA /* guiTypeVideo.cpp in Sources */,
				5D0BD362116A4E25005107AA /* guiValue.cpp in Sources */,
				5D0BD363116A4E25005107AA /* ofxControlPanel.cpp in Sources */,
				5D0BD364116A4E25005107AA /* simpleColor.cpp in Sources */,
				5D0BD365116A4E25005107AA /* simpleFileLister.cpp in Sources */,
				5D0BD366116A4E25005107AA /* simpleLogger.cpp in Sources */,
				5DD776AC116B1D22003C6450 /* ofxMatrix3x3.cpp in Sources */,
				5DD776AD116B1D22003C6450 /* ofxMatrix4x4.cpp in Sources */,
				5DD776AE116B1D22003C6450 /* ofxQuaternion.cpp in Sources */,
			);
			runOnlyForDeploymentPostprocessing = 0;
		};
/* End PBXSourcesBuildPhase section */

/* Begin PBXTargetDependency section */
		E4C2422810CC54DA004149E2 /* PBXTargetDependency */ = {
			isa = PBXTargetDependency;
			name = openFrameworks;
			targetProxy = E4C2422710CC54DA004149E2 /* PBXContainerItemProxy */;
		};
/* End PBXTargetDependency section */

/* Begin XCBuildConfiguration section */
		E4B27CA010CBF8A600536013 /* ReleaseUniversal */ = {
			isa = XCBuildConfiguration;
			buildSettings = {
				ARCHS = (
					ppc,
					i386,
				);
				CONFIGURATION_BUILD_DIR = "$(SRCROOT)/bin/";
				COPY_PHASE_STRIP = YES;
				DEAD_CODE_STRIPPING = YES;
				GCC_AUTO_VECTORIZATION = YES;
				GCC_ENABLE_SSE3_EXTENSIONS = YES;
				GCC_ENABLE_SUPPLEMENTAL_SSE3_INSTRUCTIONS = YES;
				GCC_INLINES_ARE_PRIVATE_EXTERN = NO;
				GCC_MODEL_TUNING = G5;
				GCC_OPTIMIZATION_LEVEL = 3;
				GCC_SYMBOLS_PRIVATE_EXTERN = NO;
				GCC_UNROLL_LOOPS = YES;
				GCC_VERSION = 4.2;
				GCC_WARN_ABOUT_DEPRECATED_FUNCTIONS = NO;
				GCC_WARN_ABOUT_INVALID_OFFSETOF_MACRO = NO;
				GCC_WARN_ALLOW_INCOMPLETE_PROTOCOL = NO;
				GCC_WARN_UNINITIALIZED_AUTOS = NO;
				GCC_WARN_UNUSED_VALUE = NO;
				GCC_WARN_UNUSED_VARIABLE = NO;
				HEADER_SEARCH_PATHS = (
					"../../../libs/openFrameworks/**",
					../../../libs/freetype/include/,
					../../../libs/freetype/include/freetype2,
					../../../libs/poco/include,
					../../../addons/,
				);
				OTHER_CPLUSPLUSFLAGS = (
					"-D__MACOSX_CORE__",
					"-lpthread",
				);
				OTHER_LDFLAGS = "";
				SDKROOT = /Developer/SDKs/MacOSX10.5.sdk;
			};
			name = ReleaseUniversal;
		};
		E4B27CA110CBF8A600536013 /* ReleaseUniversal */ = {
			isa = XCBuildConfiguration;
			buildSettings = {
				COPY_PHASE_STRIP = YES;
				FRAMEWORK_SEARCH_PATHS = (
					"$(inherited)",
					"$(FRAMEWORK_SEARCH_PATHS_QUOTED_FOR_TARGET_1)",
				);
				FRAMEWORK_SEARCH_PATHS_QUOTED_FOR_TARGET_1 = "\"$(SRCROOT)/../../../libs/glut/lib/osx\"";
				GCC_ENABLE_FIX_AND_CONTINUE = NO;
				GCC_GENERATE_DEBUGGING_SYMBOLS = NO;
				GCC_MODEL_TUNING = G4;
				GCC_PRECOMPILE_PREFIX_HEADER = YES;
				GCC_PREFIX_HEADER = "$(SYSTEM_LIBRARY_DIR)/Frameworks/Carbon.framework/Headers/Carbon.h";
				INFOPLIST_FILE = "openFrameworks-Info.plist";
				INSTALL_PATH = "$(HOME)/Applications";
				LIBRARY_SEARCH_PATHS = (
					"$(inherited)",
					"$(LIBRARY_SEARCH_PATHS_QUOTED_FOR_TARGET_1)",
					"$(LIBRARY_SEARCH_PATHS_QUOTED_FOR_TARGET_2)",
					"$(LIBRARY_SEARCH_PATHS_QUOTED_FOR_TARGET_3)",
					"$(LIBRARY_SEARCH_PATHS_QUOTED_FOR_TARGET_4)",
					"$(LIBRARY_SEARCH_PATHS_QUOTED_FOR_TARGET_5)",
					"$(LIBRARY_SEARCH_PATHS_QUOTED_FOR_TARGET_6)",
					"$(LIBRARY_SEARCH_PATHS_QUOTED_FOR_TARGET_7)",
					"$(LIBRARY_SEARCH_PATHS_QUOTED_FOR_TARGET_8)",
					"$(LIBRARY_SEARCH_PATHS_QUOTED_FOR_TARGET_9)",
					"$(LIBRARY_SEARCH_PATHS_QUOTED_FOR_TARGET_10)",
					"$(LIBRARY_SEARCH_PATHS_QUOTED_FOR_TARGET_11)",
					"$(LIBRARY_SEARCH_PATHS_QUOTED_FOR_TARGET_12)",
					"$(LIBRARY_SEARCH_PATHS_QUOTED_FOR_TARGET_13)",
					"$(LIBRARY_SEARCH_PATHS_QUOTED_FOR_TARGET_14)",
					"$(LIBRARY_SEARCH_PATHS_QUOTED_FOR_TARGET_15)",
					"$(LIBRARY_SEARCH_PATHS_QUOTED_FOR_TARGET_2)",
					"$(LIBRARY_SEARCH_PATHS_QUOTED_FOR_TARGET_3)",
					"$(LIBRARY_SEARCH_PATHS_QUOTED_FOR_TARGET_7)",
					"$(LIBRARY_SEARCH_PATHS_QUOTED_FOR_TARGET_8)",
					"$(LIBRARY_SEARCH_PATHS_QUOTED_FOR_TARGET_9)",
					"$(LIBRARY_SEARCH_PATHS_QUOTED_FOR_TARGET_10)",
					"$(LIBRARY_SEARCH_PATHS_QUOTED_FOR_TARGET_11)",
					"$(LIBRARY_SEARCH_PATHS_QUOTED_FOR_TARGET_12)",
					"$(LIBRARY_SEARCH_PATHS_QUOTED_FOR_TARGET_13)",
				);
				LIBRARY_SEARCH_PATHS_QUOTED_FOR_TARGET_1 = "\"$(SRCROOT)/../../../libs/freeimage/lib/osx\"";
				LIBRARY_SEARCH_PATHS_QUOTED_FOR_TARGET_10 = "\"$(SRCROOT)/../../../addons/ofxTuioWrapper/oscpack/lib/linux\"";
				LIBRARY_SEARCH_PATHS_QUOTED_FOR_TARGET_11 = "\"$(SRCROOT)/../../../addons/ofxTuioWrapper/oscpack/lib/osx\"";
				LIBRARY_SEARCH_PATHS_QUOTED_FOR_TARGET_12 = "\"$(SRCROOT)/../../../addons/ofxTuioWrapper/oscpack/lib/win32\"";
				LIBRARY_SEARCH_PATHS_QUOTED_FOR_TARGET_13 = "\"$(SRCROOT)/../../../addons/ofxVideoGrabber/libs/osx/lib\"";
				LIBRARY_SEARCH_PATHS_QUOTED_FOR_TARGET_14 = "\"$(SRCROOT)/../../../libs/fmodex/lib/osx\"";
				LIBRARY_SEARCH_PATHS_QUOTED_FOR_TARGET_15 = "\"$(SRCROOT)/../../../libs/freetype/lib/osx\"";
				LIBRARY_SEARCH_PATHS_QUOTED_FOR_TARGET_2 = "\"$(SRCROOT)/../../../libs/FreeImage/lib/osx\"";
				LIBRARY_SEARCH_PATHS_QUOTED_FOR_TARGET_3 = "\"$(SRCROOT)/../../../addons/ofxOpenCv/libs/opencv/lib/osx\"";
				LIBRARY_SEARCH_PATHS_QUOTED_FOR_TARGET_4 = "\"$(SRCROOT)/../../../libs/GLee/lib/osx\"";
				LIBRARY_SEARCH_PATHS_QUOTED_FOR_TARGET_5 = "\"$(SRCROOT)/../../../libs/poco/lib/osx\"";
				LIBRARY_SEARCH_PATHS_QUOTED_FOR_TARGET_6 = "\"$(SRCROOT)/../../../libs/rtAudio/lib/osx\"";
				LIBRARY_SEARCH_PATHS_QUOTED_FOR_TARGET_7 = "\"$(SRCROOT)/../addons/ofxOpenCv/libs/opencv/lib/osx\"";
				LIBRARY_SEARCH_PATHS_QUOTED_FOR_TARGET_8 = "\"$(SRCROOT)/../../../addons/ofxOpenCv/libs/opencv/lib/osx\"";
				LIBRARY_SEARCH_PATHS_QUOTED_FOR_TARGET_9 = "\"$(SRCROOT)/../../../addons/ofxOsc/libs/oscpack/lib/osx\"";
				PREBINDING = NO;
				PRODUCT_NAME = "$(TARGET_NAME)Universal";
				WRAPPER_EXTENSION = app;
				ZERO_LINK = NO;
			};
			name = ReleaseUniversal;
		};
		E4B69B4E0A3A1720003C02F2 /* Debug */ = {
			isa = XCBuildConfiguration;
			buildSettings = {
				ARCHS = "$(NATIVE_ARCH)";
				CONFIGURATION_BUILD_DIR = "$(SRCROOT)/bin/";
				COPY_PHASE_STRIP = NO;
				DEAD_CODE_STRIPPING = YES;
				GCC_AUTO_VECTORIZATION = YES;
				GCC_ENABLE_SSE3_EXTENSIONS = YES;
				GCC_ENABLE_SUPPLEMENTAL_SSE3_INSTRUCTIONS = YES;
				GCC_INLINES_ARE_PRIVATE_EXTERN = NO;
				GCC_MODEL_TUNING = G5;
				GCC_SYMBOLS_PRIVATE_EXTERN = NO;
				GCC_VERSION = 4.2;
				GCC_WARN_ABOUT_DEPRECATED_FUNCTIONS = NO;
				GCC_WARN_ABOUT_INVALID_OFFSETOF_MACRO = NO;
				GCC_WARN_ALLOW_INCOMPLETE_PROTOCOL = NO;
				GCC_WARN_UNINITIALIZED_AUTOS = NO;
				GCC_WARN_UNUSED_VALUE = NO;
				GCC_WARN_UNUSED_VARIABLE = NO;
				HEADER_SEARCH_PATHS = (
					"../../../libs/openFrameworks/**",
					../../../libs/freetype/include/,
					../../../libs/freetype/include/freetype2,
					../../../libs/poco/include,
					../../../addons/,
				);
				OTHER_CPLUSPLUSFLAGS = (
					"-D__MACOSX_CORE__",
					"-lpthread",
				);
				OTHER_LDFLAGS = "";
				SDKROOT = /Developer/SDKs/MacOSX10.5.sdk;
			};
			name = Debug;
		};
		E4B69B4F0A3A1720003C02F2 /* Release */ = {
			isa = XCBuildConfiguration;
			buildSettings = {
				ARCHS = "$(NATIVE_ARCH)";
				CONFIGURATION_BUILD_DIR = "$(SRCROOT)/bin/";
				COPY_PHASE_STRIP = YES;
				DEAD_CODE_STRIPPING = YES;
				GCC_AUTO_VECTORIZATION = YES;
				GCC_ENABLE_SSE3_EXTENSIONS = YES;
				GCC_ENABLE_SUPPLEMENTAL_SSE3_INSTRUCTIONS = YES;
				GCC_INLINES_ARE_PRIVATE_EXTERN = NO;
				GCC_MODEL_TUNING = G5;
				GCC_OPTIMIZATION_LEVEL = 3;
				GCC_SYMBOLS_PRIVATE_EXTERN = NO;
				GCC_UNROLL_LOOPS = YES;
				GCC_VERSION = 4.2;
				GCC_WARN_ABOUT_DEPRECATED_FUNCTIONS = NO;
				GCC_WARN_ABOUT_INVALID_OFFSETOF_MACRO = NO;
				GCC_WARN_ALLOW_INCOMPLETE_PROTOCOL = NO;
				GCC_WARN_UNINITIALIZED_AUTOS = NO;
				GCC_WARN_UNUSED_VALUE = NO;
				GCC_WARN_UNUSED_VARIABLE = NO;
				HEADER_SEARCH_PATHS = (
					"../../../libs/openFrameworks/**",
					../../../libs/freetype/include/,
					../../../libs/freetype/include/freetype2,
					../../../libs/poco/include,
					../../../addons/,
				);
				OTHER_CPLUSPLUSFLAGS = (
					"-D__MACOSX_CORE__",
					"-lpthread",
				);
				OTHER_LDFLAGS = "";
				SDKROOT = /Developer/SDKs/MacOSX10.5.sdk;
			};
			name = Release;
		};
		E4B69B600A3A1757003C02F2 /* Debug */ = {
			isa = XCBuildConfiguration;
			buildSettings = {
				COPY_PHASE_STRIP = NO;
				FRAMEWORK_SEARCH_PATHS = (
					"$(inherited)",
					"$(FRAMEWORK_SEARCH_PATHS_QUOTED_FOR_TARGET_1)",
				);
				FRAMEWORK_SEARCH_PATHS_QUOTED_FOR_TARGET_1 = "\"$(SRCROOT)/../../../libs/glut/lib/osx\"";
				GCC_DYNAMIC_NO_PIC = NO;
				GCC_ENABLE_FIX_AND_CONTINUE = YES;
				GCC_GENERATE_DEBUGGING_SYMBOLS = YES;
				GCC_MODEL_TUNING = G4;
				GCC_OPTIMIZATION_LEVEL = 0;
				GCC_PRECOMPILE_PREFIX_HEADER = YES;
				GCC_PREFIX_HEADER = "$(SYSTEM_LIBRARY_DIR)/Frameworks/Carbon.framework/Headers/Carbon.h";
				INFOPLIST_FILE = "openFrameworks-Info.plist";
				INSTALL_PATH = "$(HOME)/Applications";
				LIBRARY_SEARCH_PATHS = (
					"$(inherited)",
					"$(LIBRARY_SEARCH_PATHS_QUOTED_FOR_TARGET_1)",
					"$(LIBRARY_SEARCH_PATHS_QUOTED_FOR_TARGET_2)",
					"$(LIBRARY_SEARCH_PATHS_QUOTED_FOR_TARGET_3)",
					"$(LIBRARY_SEARCH_PATHS_QUOTED_FOR_TARGET_4)",
					"$(LIBRARY_SEARCH_PATHS_QUOTED_FOR_TARGET_5)",
					"$(LIBRARY_SEARCH_PATHS_QUOTED_FOR_TARGET_6)",
					"$(LIBRARY_SEARCH_PATHS_QUOTED_FOR_TARGET_7)",
					"$(LIBRARY_SEARCH_PATHS_QUOTED_FOR_TARGET_8)",
					"$(LIBRARY_SEARCH_PATHS_QUOTED_FOR_TARGET_9)",
					"$(LIBRARY_SEARCH_PATHS_QUOTED_FOR_TARGET_10)",
					"$(LIBRARY_SEARCH_PATHS_QUOTED_FOR_TARGET_11)",
					"$(LIBRARY_SEARCH_PATHS_QUOTED_FOR_TARGET_12)",
					"$(LIBRARY_SEARCH_PATHS_QUOTED_FOR_TARGET_13)",
					"$(LIBRARY_SEARCH_PATHS_QUOTED_FOR_TARGET_14)",
					"$(LIBRARY_SEARCH_PATHS_QUOTED_FOR_TARGET_15)",
					"$(LIBRARY_SEARCH_PATHS_QUOTED_FOR_TARGET_2)",
					"$(LIBRARY_SEARCH_PATHS_QUOTED_FOR_TARGET_3)",
					"$(LIBRARY_SEARCH_PATHS_QUOTED_FOR_TARGET_7)",
					"$(LIBRARY_SEARCH_PATHS_QUOTED_FOR_TARGET_8)",
					"$(LIBRARY_SEARCH_PATHS_QUOTED_FOR_TARGET_9)",
					"$(LIBRARY_SEARCH_PATHS_QUOTED_FOR_TARGET_10)",
					"$(LIBRARY_SEARCH_PATHS_QUOTED_FOR_TARGET_11)",
					"$(LIBRARY_SEARCH_PATHS_QUOTED_FOR_TARGET_12)",
					"$(LIBRARY_SEARCH_PATHS_QUOTED_FOR_TARGET_13)",
				);
				LIBRARY_SEARCH_PATHS_QUOTED_FOR_TARGET_1 = "\"$(SRCROOT)/../../../libs/freeimage/lib/osx\"";
				LIBRARY_SEARCH_PATHS_QUOTED_FOR_TARGET_10 = "\"$(SRCROOT)/../../../addons/ofxTuioWrapper/oscpack/lib/linux\"";
				LIBRARY_SEARCH_PATHS_QUOTED_FOR_TARGET_11 = "\"$(SRCROOT)/../../../addons/ofxTuioWrapper/oscpack/lib/osx\"";
				LIBRARY_SEARCH_PATHS_QUOTED_FOR_TARGET_12 = "\"$(SRCROOT)/../../../addons/ofxTuioWrapper/oscpack/lib/win32\"";
				LIBRARY_SEARCH_PATHS_QUOTED_FOR_TARGET_13 = "\"$(SRCROOT)/../../../addons/ofxVideoGrabber/libs/osx/lib\"";
				LIBRARY_SEARCH_PATHS_QUOTED_FOR_TARGET_14 = "\"$(SRCROOT)/../../../libs/fmodex/lib/osx\"";
				LIBRARY_SEARCH_PATHS_QUOTED_FOR_TARGET_15 = "\"$(SRCROOT)/../../../libs/freetype/lib/osx\"";
				LIBRARY_SEARCH_PATHS_QUOTED_FOR_TARGET_2 = "\"$(SRCROOT)/../../../libs/FreeImage/lib/osx\"";
				LIBRARY_SEARCH_PATHS_QUOTED_FOR_TARGET_3 = "\"$(SRCROOT)/../../../addons/ofxOpenCv/libs/opencv/lib/osx\"";
				LIBRARY_SEARCH_PATHS_QUOTED_FOR_TARGET_4 = "\"$(SRCROOT)/../../../libs/GLee/lib/osx\"";
				LIBRARY_SEARCH_PATHS_QUOTED_FOR_TARGET_5 = "\"$(SRCROOT)/../../../libs/poco/lib/osx\"";
				LIBRARY_SEARCH_PATHS_QUOTED_FOR_TARGET_6 = "\"$(SRCROOT)/../../../libs/rtAudio/lib/osx\"";
				LIBRARY_SEARCH_PATHS_QUOTED_FOR_TARGET_7 = "\"$(SRCROOT)/../addons/ofxOpenCv/libs/opencv/lib/osx\"";
				LIBRARY_SEARCH_PATHS_QUOTED_FOR_TARGET_8 = "\"$(SRCROOT)/../../../addons/ofxOpenCv/libs/opencv/lib/osx\"";
				LIBRARY_SEARCH_PATHS_QUOTED_FOR_TARGET_9 = "\"$(SRCROOT)/../../../addons/ofxOsc/libs/oscpack/lib/osx\"";
				PREBINDING = NO;
				PRODUCT_NAME = "$(TARGET_NAME)Debug";
				WRAPPER_EXTENSION = app;
				ZERO_LINK = NO;
			};
			name = Debug;
		};
		E4B69B610A3A1757003C02F2 /* Release */ = {
			isa = XCBuildConfiguration;
			buildSettings = {
				COPY_PHASE_STRIP = YES;
				FRAMEWORK_SEARCH_PATHS = (
					"$(inherited)",
					"$(FRAMEWORK_SEARCH_PATHS_QUOTED_FOR_TARGET_1)",
				);
				FRAMEWORK_SEARCH_PATHS_QUOTED_FOR_TARGET_1 = "\"$(SRCROOT)/../../../libs/glut/lib/osx\"";
				GCC_ENABLE_FIX_AND_CONTINUE = NO;
				GCC_GENERATE_DEBUGGING_SYMBOLS = NO;
				GCC_MODEL_TUNING = G4;
				GCC_PRECOMPILE_PREFIX_HEADER = YES;
				GCC_PREFIX_HEADER = "$(SYSTEM_LIBRARY_DIR)/Frameworks/Carbon.framework/Headers/Carbon.h";
				INFOPLIST_FILE = "openFrameworks-Info.plist";
				INSTALL_PATH = "$(HOME)/Applications";
				LIBRARY_SEARCH_PATHS = (
					"$(inherited)",
					"$(LIBRARY_SEARCH_PATHS_QUOTED_FOR_TARGET_1)",
					"$(LIBRARY_SEARCH_PATHS_QUOTED_FOR_TARGET_2)",
					"$(LIBRARY_SEARCH_PATHS_QUOTED_FOR_TARGET_3)",
					"$(LIBRARY_SEARCH_PATHS_QUOTED_FOR_TARGET_4)",
					"$(LIBRARY_SEARCH_PATHS_QUOTED_FOR_TARGET_5)",
					"$(LIBRARY_SEARCH_PATHS_QUOTED_FOR_TARGET_6)",
					"$(LIBRARY_SEARCH_PATHS_QUOTED_FOR_TARGET_7)",
					"$(LIBRARY_SEARCH_PATHS_QUOTED_FOR_TARGET_8)",
					"$(LIBRARY_SEARCH_PATHS_QUOTED_FOR_TARGET_9)",
					"$(LIBRARY_SEARCH_PATHS_QUOTED_FOR_TARGET_10)",
					"$(LIBRARY_SEARCH_PATHS_QUOTED_FOR_TARGET_11)",
					"$(LIBRARY_SEARCH_PATHS_QUOTED_FOR_TARGET_12)",
					"$(LIBRARY_SEARCH_PATHS_QUOTED_FOR_TARGET_13)",
					"$(LIBRARY_SEARCH_PATHS_QUOTED_FOR_TARGET_14)",
					"$(LIBRARY_SEARCH_PATHS_QUOTED_FOR_TARGET_15)",
					"$(LIBRARY_SEARCH_PATHS_QUOTED_FOR_TARGET_2)",
					"$(LIBRARY_SEARCH_PATHS_QUOTED_FOR_TARGET_3)",
					"$(LIBRARY_SEARCH_PATHS_QUOTED_FOR_TARGET_7)",
					"$(LIBRARY_SEARCH_PATHS_QUOTED_FOR_TARGET_8)",
					"$(LIBRARY_SEARCH_PATHS_QUOTED_FOR_TARGET_9)",
					"$(LIBRARY_SEARCH_PATHS_QUOTED_FOR_TARGET_10)",
					"$(LIBRARY_SEARCH_PATHS_QUOTED_FOR_TARGET_11)",
					"$(LIBRARY_SEARCH_PATHS_QUOTED_FOR_TARGET_12)",
					"$(LIBRARY_SEARCH_PATHS_QUOTED_FOR_TARGET_13)",
				);
				LIBRARY_SEARCH_PATHS_QUOTED_FOR_TARGET_1 = "\"$(SRCROOT)/../../../libs/freeimage/lib/osx\"";
				LIBRARY_SEARCH_PATHS_QUOTED_FOR_TARGET_10 = "\"$(SRCROOT)/../../../addons/ofxTuioWrapper/oscpack/lib/linux\"";
				LIBRARY_SEARCH_PATHS_QUOTED_FOR_TARGET_11 = "\"$(SRCROOT)/../../../addons/ofxTuioWrapper/oscpack/lib/osx\"";
				LIBRARY_SEARCH_PATHS_QUOTED_FOR_TARGET_12 = "\"$(SRCROOT)/../../../addons/ofxTuioWrapper/oscpack/lib/win32\"";
				LIBRARY_SEARCH_PATHS_QUOTED_FOR_TARGET_13 = "\"$(SRCROOT)/../../../addons/ofxVideoGrabber/libs/osx/lib\"";
				LIBRARY_SEARCH_PATHS_QUOTED_FOR_TARGET_14 = "\"$(SRCROOT)/../../../libs/fmodex/lib/osx\"";
				LIBRARY_SEARCH_PATHS_QUOTED_FOR_TARGET_15 = "\"$(SRCROOT)/../../../libs/freetype/lib/osx\"";
				LIBRARY_SEARCH_PATHS_QUOTED_FOR_TARGET_2 = "\"$(SRCROOT)/../../../libs/FreeImage/lib/osx\"";
				LIBRARY_SEARCH_PATHS_QUOTED_FOR_TARGET_3 = "\"$(SRCROOT)/../../../addons/ofxOpenCv/libs/opencv/lib/osx\"";
				LIBRARY_SEARCH_PATHS_QUOTED_FOR_TARGET_4 = "\"$(SRCROOT)/../../../libs/GLee/lib/osx\"";
				LIBRARY_SEARCH_PATHS_QUOTED_FOR_TARGET_5 = "\"$(SRCROOT)/../../../libs/poco/lib/osx\"";
				LIBRARY_SEARCH_PATHS_QUOTED_FOR_TARGET_6 = "\"$(SRCROOT)/../../../libs/rtAudio/lib/osx\"";
				LIBRARY_SEARCH_PATHS_QUOTED_FOR_TARGET_7 = "\"$(SRCROOT)/../addons/ofxOpenCv/libs/opencv/lib/osx\"";
				LIBRARY_SEARCH_PATHS_QUOTED_FOR_TARGET_8 = "\"$(SRCROOT)/../../../addons/ofxOpenCv/libs/opencv/lib/osx\"";
				LIBRARY_SEARCH_PATHS_QUOTED_FOR_TARGET_9 = "\"$(SRCROOT)/../../../addons/ofxOsc/libs/oscpack/lib/osx\"";
				PREBINDING = NO;
				PRODUCT_NAME = "$(TARGET_NAME)";
				WRAPPER_EXTENSION = app;
				ZERO_LINK = NO;
			};
			name = Release;
		};
/* End XCBuildConfiguration section */

/* Begin XCConfigurationList section */
		E4B69B4D0A3A1720003C02F2 /* Build configuration list for PBXProject "feedbackImagePlayer" */ = {
			isa = XCConfigurationList;
			buildConfigurations = (
				E4B69B4E0A3A1720003C02F2 /* Debug */,
				E4B69B4F0A3A1720003C02F2 /* Release */,
				E4B27CA010CBF8A600536013 /* ReleaseUniversal */,
			);
			defaultConfigurationIsVisible = 0;
			defaultConfigurationName = Release;
		};
		E4B69B5F0A3A1757003C02F2 /* Build configuration list for PBXNativeTarget "feedbackImagePlayer" */ = {
			isa = XCConfigurationList;
			buildConfigurations = (
				E4B69B600A3A1757003C02F2 /* Debug */,
				E4B69B610A3A1757003C02F2 /* Release */,
				E4B27CA110CBF8A600536013 /* ReleaseUniversal */,
			);
			defaultConfigurationIsVisible = 0;
			defaultConfigurationName = Release;
		};
/* End XCConfigurationList section */
	};
	rootObject = E4B69B4C0A3A1720003C02F2 /* Project object */;
}
